// !$*UTF8*$!
{
	archiveVersion = 1;
	classes = {
	};
	objectVersion = 54;
	objects = {

/* Begin PBXBuildFile section */
		6B2A96AE2728B6F700A5D976 /* SplashScreenViewController.swift in Sources */ = {isa = PBXBuildFile; fileRef = 6B2A96AD2728B6F700A5D976 /* SplashScreenViewController.swift */; };
		6B2A96B42728B71B00A5D976 /* SplashScreenViewModel.swift in Sources */ = {isa = PBXBuildFile; fileRef = 6B2A96B32728B71B00A5D976 /* SplashScreenViewModel.swift */; };
		6B2A96B82728B73200A5D976 /* SplashScreenCoordinator.swift in Sources */ = {isa = PBXBuildFile; fileRef = 6B2A96B72728B73200A5D976 /* SplashScreenCoordinator.swift */; };
		6B2A96BC2728B7CB00A5D976 /* UIViewController+Extension.swift in Sources */ = {isa = PBXBuildFile; fileRef = 6B2A96BB2728B7CB00A5D976 /* UIViewController+Extension.swift */; };
		6B2A96C02728B83D00A5D976 /* UIView+Extension.swift in Sources */ = {isa = PBXBuildFile; fileRef = 6B2A96BF2728B83D00A5D976 /* UIView+Extension.swift */; };
		6B2A96C92728BE2C00A5D976 /* TabBarViewController.swift in Sources */ = {isa = PBXBuildFile; fileRef = 6B2A96C82728BE2C00A5D976 /* TabBarViewController.swift */; };
		6B2A96D02729793B00A5D976 /* SearchViewController.swift in Sources */ = {isa = PBXBuildFile; fileRef = 6B2A96CF2729793B00A5D976 /* SearchViewController.swift */; };
		6B2A96D42729794C00A5D976 /* SearchViewModel.swift in Sources */ = {isa = PBXBuildFile; fileRef = 6B2A96D32729794C00A5D976 /* SearchViewModel.swift */; };
		6B2A96D82729795700A5D976 /* SearchCoordinator.swift in Sources */ = {isa = PBXBuildFile; fileRef = 6B2A96D72729795700A5D976 /* SearchCoordinator.swift */; };
		6B2A96DC27297BFD00A5D976 /* TabBarCoordinator.swift in Sources */ = {isa = PBXBuildFile; fileRef = 6B2A96DB27297BFD00A5D976 /* TabBarCoordinator.swift */; };
		6B2A96E4272989B400A5D976 /* TabBarPosition.swift in Sources */ = {isa = PBXBuildFile; fileRef = 6B2A96E3272989B400A5D976 /* TabBarPosition.swift */; };
		6B2A96EA27298C0200A5D976 /* UIColor+Extension.swift in Sources */ = {isa = PBXBuildFile; fileRef = 6B2A96E927298C0200A5D976 /* UIColor+Extension.swift */; };
		6B2A970B2729998A00A5D976 /* R.generated.swift in Sources */ = {isa = PBXBuildFile; fileRef = 6B2A970A2729998A00A5D976 /* R.generated.swift */; };
		6B2A971E27299AE400A5D976 /* Localizable.strings in Resources */ = {isa = PBXBuildFile; fileRef = 6B2A972027299AE400A5D976 /* Localizable.strings */; };
		6B2A97262729A08900A5D976 /* ProductServices.swift in Sources */ = {isa = PBXBuildFile; fileRef = 6B2A97252729A08900A5D976 /* ProductServices.swift */; };
		6B2A972A2729A0FE00A5D976 /* Response.swift in Sources */ = {isa = PBXBuildFile; fileRef = 6B2A97292729A0FE00A5D976 /* Response.swift */; };
		6B2A972E2729A11300A5D976 /* ErrorRequest.swift in Sources */ = {isa = PBXBuildFile; fileRef = 6B2A972D2729A11300A5D976 /* ErrorRequest.swift */; };
		6B2A97322729A1B600A5D976 /* HTTPStatusCode.swift in Sources */ = {isa = PBXBuildFile; fileRef = 6B2A97312729A1B600A5D976 /* HTTPStatusCode.swift */; };
		6B2A973E2729A29400A5D976 /* Requestable.swift in Sources */ = {isa = PBXBuildFile; fileRef = 6B2A973D2729A29400A5D976 /* Requestable.swift */; };
		6B2A97422729A2C100A5D976 /* NetworkManager.swift in Sources */ = {isa = PBXBuildFile; fileRef = 6B2A97412729A2C100A5D976 /* NetworkManager.swift */; };
		6B2A97462729A30100A5D976 /* JSONDecoder+Extension.swift in Sources */ = {isa = PBXBuildFile; fileRef = 6B2A97452729A30100A5D976 /* JSONDecoder+Extension.swift */; };
		6B2A974A2729A31900A5D976 /* DateFormatter+Extension.swift in Sources */ = {isa = PBXBuildFile; fileRef = 6B2A97492729A31900A5D976 /* DateFormatter+Extension.swift */; };
		6B2A974E2729A36C00A5D976 /* Encodable+Extension.swift in Sources */ = {isa = PBXBuildFile; fileRef = 6B2A974D2729A36C00A5D976 /* Encodable+Extension.swift */; };
		6B2A97522729A3A300A5D976 /* HTTPMethodType.swift in Sources */ = {isa = PBXBuildFile; fileRef = 6B2A97512729A3A300A5D976 /* HTTPMethodType.swift */; };
		6B2A97562729A3C400A5D976 /* Config.swift in Sources */ = {isa = PBXBuildFile; fileRef = 6B2A97552729A3C400A5D976 /* Config.swift */; };
		6B2A975C2729A41800A5D976 /* Config.plist in Resources */ = {isa = PBXBuildFile; fileRef = 6B2A975B2729A41800A5D976 /* Config.plist */; };
		6B2A97662729A50500A5D976 /* ProductResources.swift in Sources */ = {isa = PBXBuildFile; fileRef = 6B2A97652729A50500A5D976 /* ProductResources.swift */; };
		6B2DEDAB272B6D5D008664FC /* ProductCellViewModel.swift in Sources */ = {isa = PBXBuildFile; fileRef = 6B2DEDAA272B6D5D008664FC /* ProductCellViewModel.swift */; };
		6B2DEDB1272B7A21008664FC /* UITableView+Extension.swift in Sources */ = {isa = PBXBuildFile; fileRef = 6B2DEDB0272B7A21008664FC /* UITableView+Extension.swift */; };
		6B2DEDB5272B7A6D008664FC /* NSObject+Extension.swift in Sources */ = {isa = PBXBuildFile; fileRef = 6B2DEDB4272B7A6D008664FC /* NSObject+Extension.swift */; };
		6B2DEDB9272B7B05008664FC /* ProductCell.swift in Sources */ = {isa = PBXBuildFile; fileRef = 6B2DEDB8272B7B05008664FC /* ProductCell.swift */; };
		6B2DEDBF272B828B008664FC /* ImageView+Extension.swift in Sources */ = {isa = PBXBuildFile; fileRef = 6B2DEDBE272B828B008664FC /* ImageView+Extension.swift */; };
		6B2DEDC3272B8311008664FC /* ProductCellContent.swift in Sources */ = {isa = PBXBuildFile; fileRef = 6B2DEDC2272B8311008664FC /* ProductCellContent.swift */; };
		6B40F3D6272A27B100204B7F /* Dynamic.swift in Sources */ = {isa = PBXBuildFile; fileRef = 6B40F3D5272A27B100204B7F /* Dynamic.swift */; };
		6B40F3DA272A281E00204B7F /* MessageData.swift in Sources */ = {isa = PBXBuildFile; fileRef = 6B40F3D9272A281E00204B7F /* MessageData.swift */; };
		6B40F3DE272A283400204B7F /* MessageCategory.swift in Sources */ = {isa = PBXBuildFile; fileRef = 6B40F3DD272A283400204B7F /* MessageCategory.swift */; };
		6B40F3E2272A295600204B7F /* Collection+Extension.swift in Sources */ = {isa = PBXBuildFile; fileRef = 6B40F3E1272A295600204B7F /* Collection+Extension.swift */; };
		6B40F3E6272A2D1500204B7F /* UIFont+Extension.swift in Sources */ = {isa = PBXBuildFile; fileRef = 6B40F3E5272A2D1500204B7F /* UIFont+Extension.swift */; };
		6B40F3EE272A304500204B7F /* FileDecoder.swift in Sources */ = {isa = PBXBuildFile; fileRef = 6B40F3ED272A304500204B7F /* FileDecoder.swift */; };
		6B40F3F1272A306900204B7F /* JSONResponse.swift in Sources */ = {isa = PBXBuildFile; fileRef = 6B40F3E9272A300500204B7F /* JSONResponse.swift */; };
		6B40F3F6272A315600204B7F /* Products.swift in Sources */ = {isa = PBXBuildFile; fileRef = 6B67FD8A2726E8C800C95AB3 /* Products.swift */; };
		6B40F3F9272A315A00204B7F /* Product.swift in Sources */ = {isa = PBXBuildFile; fileRef = AFF534C52701EE7300EEE4AE /* Product.swift */; };
		6B40F3FC272A315D00204B7F /* ProductPriceData.swift in Sources */ = {isa = PBXBuildFile; fileRef = AFF534C72701F93100EEE4AE /* ProductPriceData.swift */; };
		6B40F3FF272A316000204B7F /* ProductImagesInfo.swift in Sources */ = {isa = PBXBuildFile; fileRef = AFF534C92701F98300EEE4AE /* ProductImagesInfo.swift */; };
		6B40F402272A316200204B7F /* ImageDetail.swift in Sources */ = {isa = PBXBuildFile; fileRef = AFF534D62702088800EEE4AE /* ImageDetail.swift */; };
		6B40F405272A316500204B7F /* ProductUnitPrice.swift in Sources */ = {isa = PBXBuildFile; fileRef = 6B67FD922726EDD300C95AB3 /* ProductUnitPrice.swift */; };
		6B40F408272A316700204B7F /* ProductPrice.swift in Sources */ = {isa = PBXBuildFile; fileRef = 6B67FD962726EDE900C95AB3 /* ProductPrice.swift */; };
		6B40F412272A934600204B7F /* SearchContent.swift in Sources */ = {isa = PBXBuildFile; fileRef = 6B40F411272A934600204B7F /* SearchContent.swift */; };
		6B67FD862726E88400C95AB3 /* README.md in Resources */ = {isa = PBXBuildFile; fileRef = 6B67FD852726E88400C95AB3 /* README.md */; };
		6B67FD8B2726E8C800C95AB3 /* Products.swift in Sources */ = {isa = PBXBuildFile; fileRef = 6B67FD8A2726E8C800C95AB3 /* Products.swift */; };
		6B67FD932726EDD300C95AB3 /* ProductUnitPrice.swift in Sources */ = {isa = PBXBuildFile; fileRef = 6B67FD922726EDD300C95AB3 /* ProductUnitPrice.swift */; };
		6B67FD972726EDE900C95AB3 /* ProductPrice.swift in Sources */ = {isa = PBXBuildFile; fileRef = 6B67FD962726EDE900C95AB3 /* ProductPrice.swift */; };
		6B67FD9F2726EF1300C95AB3 /* AppCoordinator.swift in Sources */ = {isa = PBXBuildFile; fileRef = 6B67FD9E2726EF1300C95AB3 /* AppCoordinator.swift */; };
		6B67FDA42726EF4800C95AB3 /* Coordinator.swift in Sources */ = {isa = PBXBuildFile; fileRef = 6B67FDA32726EF4800C95AB3 /* Coordinator.swift */; };
		6B67FDA92726EF8100C95AB3 /* InitialFlow.swift in Sources */ = {isa = PBXBuildFile; fileRef = 6B67FDA82726EF8100C95AB3 /* InitialFlow.swift */; };
		6B9946C2272DBE6E005EB0BD /* Formater.swift in Sources */ = {isa = PBXBuildFile; fileRef = 6B9946C1272DBE6E005EB0BD /* Formater.swift */; };
		6B9946C6272DC2EC005EB0BD /* NumberFormatter+Extension.swift in Sources */ = {isa = PBXBuildFile; fileRef = 6B9946C5272DC2EC005EB0BD /* NumberFormatter+Extension.swift */; };
		6B9946CC272DC387005EB0BD /* Symbol.swift in Sources */ = {isa = PBXBuildFile; fileRef = 6B9946CB272DC387005EB0BD /* Symbol.swift */; };
		6B9946D0272DC3B7005EB0BD /* Int+Extension.swift in Sources */ = {isa = PBXBuildFile; fileRef = 6B9946CF272DC3B7005EB0BD /* Int+Extension.swift */; };
		6B9946DC272DD610005EB0BD /* HomeCoordinator.swift in Sources */ = {isa = PBXBuildFile; fileRef = 6B9946DB272DD610005EB0BD /* HomeCoordinator.swift */; };
		6B9946E2272DD619005EB0BD /* HomeViewController.swift in Sources */ = {isa = PBXBuildFile; fileRef = 6B9946E1272DD619005EB0BD /* HomeViewController.swift */; };
		6B9946E6272DD624005EB0BD /* HomeViewModel.swift in Sources */ = {isa = PBXBuildFile; fileRef = 6B9946E5272DD624005EB0BD /* HomeViewModel.swift */; };
		6B9946EA272DD787005EB0BD /* HomeContent.swift in Sources */ = {isa = PBXBuildFile; fileRef = 6B9946E9272DD787005EB0BD /* HomeContent.swift */; };
		6B9946F2272DE585005EB0BD /* CartManager.swift in Sources */ = {isa = PBXBuildFile; fileRef = 6B9946F1272DE585005EB0BD /* CartManager.swift */; };
		6B9946F7272DE739005EB0BD /* DatabaseProtocol.swift in Sources */ = {isa = PBXBuildFile; fileRef = 6B9946F6272DE739005EB0BD /* DatabaseProtocol.swift */; };
		6B9946FD272DE74F005EB0BD /* ObjectRepresentable.swift in Sources */ = {isa = PBXBuildFile; fileRef = 6B9946FC272DE74F005EB0BD /* ObjectRepresentable.swift */; };
		6B994701272DE767005EB0BD /* DatabaseManager.swift in Sources */ = {isa = PBXBuildFile; fileRef = 6B994700272DE767005EB0BD /* DatabaseManager.swift */; };
		6B994705272DE7DB005EB0BD /* JSONEncoder+Extension.swift in Sources */ = {isa = PBXBuildFile; fileRef = 6B994704272DE7DB005EB0BD /* JSONEncoder+Extension.swift */; };
		6B99470A272DF24E005EB0BD /* Cart.swift in Sources */ = {isa = PBXBuildFile; fileRef = 6B994709272DF24E005EB0BD /* Cart.swift */; };
		6B994710272E1BA7005EB0BD /* CartProduct.swift in Sources */ = {isa = PBXBuildFile; fileRef = 6B99470F272E1BA7005EB0BD /* CartProduct.swift */; };
		6B99472F272E3EDE005EB0BD /* String+Extension.swift in Sources */ = {isa = PBXBuildFile; fileRef = 6B99472E272E3EDE005EB0BD /* String+Extension.swift */; };
		6B994739272E516F005EB0BD /* ListProductsComponent.swift in Sources */ = {isa = PBXBuildFile; fileRef = 6B994738272E516F005EB0BD /* ListProductsComponent.swift */; };
		6B994744272E56F2005EB0BD /* CartCoordinator.swift in Sources */ = {isa = PBXBuildFile; fileRef = 6B994743272E56F2005EB0BD /* CartCoordinator.swift */; };
		6B994748272E5704005EB0BD /* CartContent.swift in Sources */ = {isa = PBXBuildFile; fileRef = 6B994747272E5704005EB0BD /* CartContent.swift */; };
		6B99474C272E5717005EB0BD /* CartViewController.swift in Sources */ = {isa = PBXBuildFile; fileRef = 6B99474B272E5717005EB0BD /* CartViewController.swift */; };
		6B994750272E5720005EB0BD /* CartViewModel.swift in Sources */ = {isa = PBXBuildFile; fileRef = 6B99474F272E5720005EB0BD /* CartViewModel.swift */; };
		6B99475A272EC126005EB0BD /* AFMock.swift in Sources */ = {isa = PBXBuildFile; fileRef = 6B994759272EC126005EB0BD /* AFMock.swift */; };
		6B99475B272EC126005EB0BD /* AFMock.swift in Sources */ = {isa = PBXBuildFile; fileRef = 6B994759272EC126005EB0BD /* AFMock.swift */; };
		6B994779272EC36D005EB0BD /* NetworkManager.swift in Sources */ = {isa = PBXBuildFile; fileRef = 6B2A97412729A2C100A5D976 /* NetworkManager.swift */; };
		6B99477C272EC374005EB0BD /* Requestable.swift in Sources */ = {isa = PBXBuildFile; fileRef = 6B2A973D2729A29400A5D976 /* Requestable.swift */; };
		6B99478E272EC3BD005EB0BD /* R.generated.swift in Sources */ = {isa = PBXBuildFile; fileRef = 6B2A970A2729998A00A5D976 /* R.generated.swift */; };
		6B994791272EC3CD005EB0BD /* JSONDecoder+Extension.swift in Sources */ = {isa = PBXBuildFile; fileRef = 6B2A97452729A30100A5D976 /* JSONDecoder+Extension.swift */; };
		6B994794272EC3D1005EB0BD /* DateFormatter+Extension.swift in Sources */ = {isa = PBXBuildFile; fileRef = 6B2A97492729A31900A5D976 /* DateFormatter+Extension.swift */; };
		6B994797272EC3DA005EB0BD /* Encodable+Extension.swift in Sources */ = {isa = PBXBuildFile; fileRef = 6B2A974D2729A36C00A5D976 /* Encodable+Extension.swift */; };
		6B99479B272EC509005EB0BD /* ProductResourcesTestable.swift in Sources */ = {isa = PBXBuildFile; fileRef = 6B99479A272EC509005EB0BD /* ProductResourcesTestable.swift */; };
		6B99479C272EC509005EB0BD /* ProductResourcesTestable.swift in Sources */ = {isa = PBXBuildFile; fileRef = 6B99479A272EC509005EB0BD /* ProductResourcesTestable.swift */; };
		6B9947A8272EC77A005EB0BD /* ProductServiceResponseError.swift in Sources */ = {isa = PBXBuildFile; fileRef = 6B9947A7272EC77A005EB0BD /* ProductServiceResponseError.swift */; };
		6B9947A9272EC77A005EB0BD /* ProductServiceResponseError.swift in Sources */ = {isa = PBXBuildFile; fileRef = 6B9947A7272EC77A005EB0BD /* ProductServiceResponseError.swift */; };
		6B9947B6272EC805005EB0BD /* productsResult.json in Resources */ = {isa = PBXBuildFile; fileRef = AFF534CF2702007000EEE4AE /* productsResult.json */; };
		6B9947C0272EC87B005EB0BD /* productsResultError.json in Resources */ = {isa = PBXBuildFile; fileRef = 6B9947BF272EC87B005EB0BD /* productsResultError.json */; };
		6B9947C1272EC87B005EB0BD /* productsResultError.json in Resources */ = {isa = PBXBuildFile; fileRef = 6B9947BF272EC87B005EB0BD /* productsResultError.json */; };
		6B9947D5272EC99C005EB0BD /* AppCoordinatorTests.swift in Sources */ = {isa = PBXBuildFile; fileRef = 6B9947D3272EC99C005EB0BD /* AppCoordinatorTests.swift */; };
		6B9947DC272EC9CE005EB0BD /* AppDelegate.swift in Sources */ = {isa = PBXBuildFile; fileRef = AFF534932701ECBC00EEE4AE /* AppDelegate.swift */; };
		6B9947DF272EC9D1005EB0BD /* SceneDelegate.swift in Sources */ = {isa = PBXBuildFile; fileRef = AFF534952701ECBC00EEE4AE /* SceneDelegate.swift */; };
		6B9947E2272EC9D5005EB0BD /* AppCoordinator.swift in Sources */ = {isa = PBXBuildFile; fileRef = 6B67FD9E2726EF1300C95AB3 /* AppCoordinator.swift */; };
		6B9947E5272EC9DA005EB0BD /* TabBarViewController.swift in Sources */ = {isa = PBXBuildFile; fileRef = 6B2A96C82728BE2C00A5D976 /* TabBarViewController.swift */; };
		6B9947E8272EC9DD005EB0BD /* TabBarCoordinator.swift in Sources */ = {isa = PBXBuildFile; fileRef = 6B2A96DB27297BFD00A5D976 /* TabBarCoordinator.swift */; };
		6B9947EB272EC9E4005EB0BD /* SplashScreenViewModel.swift in Sources */ = {isa = PBXBuildFile; fileRef = 6B2A96B32728B71B00A5D976 /* SplashScreenViewModel.swift */; };
		6B9947EC272EC9E4005EB0BD /* SplashScreenCoordinator.swift in Sources */ = {isa = PBXBuildFile; fileRef = 6B2A96B72728B73200A5D976 /* SplashScreenCoordinator.swift */; };
		6B9947ED272EC9E4005EB0BD /* SplashScreenViewController.swift in Sources */ = {isa = PBXBuildFile; fileRef = 6B2A96AD2728B6F700A5D976 /* SplashScreenViewController.swift */; };
		6B9947F0272EC9EA005EB0BD /* HomeContent.swift in Sources */ = {isa = PBXBuildFile; fileRef = 6B9946E9272DD787005EB0BD /* HomeContent.swift */; };
		6B9947F1272EC9EA005EB0BD /* HomeViewController.swift in Sources */ = {isa = PBXBuildFile; fileRef = 6B9946E1272DD619005EB0BD /* HomeViewController.swift */; };
		6B9947F2272EC9EA005EB0BD /* HomeViewModel.swift in Sources */ = {isa = PBXBuildFile; fileRef = 6B9946E5272DD624005EB0BD /* HomeViewModel.swift */; };
		6B9947F3272EC9EA005EB0BD /* HomeCoordinator.swift in Sources */ = {isa = PBXBuildFile; fileRef = 6B9946DB272DD610005EB0BD /* HomeCoordinator.swift */; };
		6B9947F6272EC9EF005EB0BD /* SearchCoordinator.swift in Sources */ = {isa = PBXBuildFile; fileRef = 6B2A96D72729795700A5D976 /* SearchCoordinator.swift */; };
		6B9947F7272EC9EF005EB0BD /* SearchViewModel.swift in Sources */ = {isa = PBXBuildFile; fileRef = 6B2A96D32729794C00A5D976 /* SearchViewModel.swift */; };
		6B9947F8272EC9EF005EB0BD /* SearchContent.swift in Sources */ = {isa = PBXBuildFile; fileRef = 6B40F411272A934600204B7F /* SearchContent.swift */; };
		6B9947F9272EC9EF005EB0BD /* SearchViewController.swift in Sources */ = {isa = PBXBuildFile; fileRef = 6B2A96CF2729793B00A5D976 /* SearchViewController.swift */; };
		6B9947FC272EC9F7005EB0BD /* CartContent.swift in Sources */ = {isa = PBXBuildFile; fileRef = 6B994747272E5704005EB0BD /* CartContent.swift */; };
		6B9947FD272EC9F7005EB0BD /* CartCoordinator.swift in Sources */ = {isa = PBXBuildFile; fileRef = 6B994743272E56F2005EB0BD /* CartCoordinator.swift */; };
		6B9947FE272EC9F7005EB0BD /* CartViewController.swift in Sources */ = {isa = PBXBuildFile; fileRef = 6B99474B272E5717005EB0BD /* CartViewController.swift */; };
		6B9947FF272EC9F7005EB0BD /* CartViewModel.swift in Sources */ = {isa = PBXBuildFile; fileRef = 6B99474F272E5720005EB0BD /* CartViewModel.swift */; };
		6B99480A272ECA26005EB0BD /* ErrorRequest.swift in Sources */ = {isa = PBXBuildFile; fileRef = 6B2A972D2729A11300A5D976 /* ErrorRequest.swift */; };
		6B99480B272ECA26005EB0BD /* Symbol.swift in Sources */ = {isa = PBXBuildFile; fileRef = 6B9946CB272DC387005EB0BD /* Symbol.swift */; };
		6B99480C272ECA26005EB0BD /* MessageCategory.swift in Sources */ = {isa = PBXBuildFile; fileRef = 6B40F3DD272A283400204B7F /* MessageCategory.swift */; };
		6B99480D272ECA26005EB0BD /* TabBarPosition.swift in Sources */ = {isa = PBXBuildFile; fileRef = 6B2A96E3272989B400A5D976 /* TabBarPosition.swift */; };
		6B99480E272ECA26005EB0BD /* HTTPStatusCode.swift in Sources */ = {isa = PBXBuildFile; fileRef = 6B2A97312729A1B600A5D976 /* HTTPStatusCode.swift */; };
		6B99480F272ECA26005EB0BD /* Response.swift in Sources */ = {isa = PBXBuildFile; fileRef = 6B2A97292729A0FE00A5D976 /* Response.swift */; };
		6B994810272ECA26005EB0BD /* HTTPMethodType.swift in Sources */ = {isa = PBXBuildFile; fileRef = 6B2A97512729A3A300A5D976 /* HTTPMethodType.swift */; };
		6B994811272ECA26005EB0BD /* InitialFlow.swift in Sources */ = {isa = PBXBuildFile; fileRef = 6B67FDA82726EF8100C95AB3 /* InitialFlow.swift */; };
		6B99481E272ECA2B005EB0BD /* FileDecoder.swift in Sources */ = {isa = PBXBuildFile; fileRef = 6B40F3ED272A304500204B7F /* FileDecoder.swift */; };
		6B99481F272ECA2B005EB0BD /* ObjectRepresentable.swift in Sources */ = {isa = PBXBuildFile; fileRef = 6B9946FC272DE74F005EB0BD /* ObjectRepresentable.swift */; };
		6B994820272ECA2B005EB0BD /* Dynamic.swift in Sources */ = {isa = PBXBuildFile; fileRef = 6B40F3D5272A27B100204B7F /* Dynamic.swift */; };
		6B994821272ECA2B005EB0BD /* JSONResponse.swift in Sources */ = {isa = PBXBuildFile; fileRef = 6B40F3E9272A300500204B7F /* JSONResponse.swift */; };
		6B994822272ECA2B005EB0BD /* Formater.swift in Sources */ = {isa = PBXBuildFile; fileRef = 6B9946C1272DBE6E005EB0BD /* Formater.swift */; };
		6B994823272ECA2B005EB0BD /* CartManager.swift in Sources */ = {isa = PBXBuildFile; fileRef = 6B9946F1272DE585005EB0BD /* CartManager.swift */; };
		6B994824272ECA2B005EB0BD /* Coordinator.swift in Sources */ = {isa = PBXBuildFile; fileRef = 6B67FDA32726EF4800C95AB3 /* Coordinator.swift */; };
		6B994825272ECA2B005EB0BD /* Config.swift in Sources */ = {isa = PBXBuildFile; fileRef = 6B2A97552729A3C400A5D976 /* Config.swift */; };
		6B994826272ECA2B005EB0BD /* MessageData.swift in Sources */ = {isa = PBXBuildFile; fileRef = 6B40F3D9272A281E00204B7F /* MessageData.swift */; };
		6B99482B272ECA9C005EB0BD /* ProductServices.swift in Sources */ = {isa = PBXBuildFile; fileRef = 6B2A97252729A08900A5D976 /* ProductServices.swift */; };
		6B99482E272ECAA6005EB0BD /* ListProductsComponent.swift in Sources */ = {isa = PBXBuildFile; fileRef = 6B994738272E516F005EB0BD /* ListProductsComponent.swift */; };
		6B994831272ECAAB005EB0BD /* CartProduct.swift in Sources */ = {isa = PBXBuildFile; fileRef = 6B99470F272E1BA7005EB0BD /* CartProduct.swift */; };
		6B994834272ECAB9005EB0BD /* ProductCellViewModel.swift in Sources */ = {isa = PBXBuildFile; fileRef = 6B2DEDAA272B6D5D008664FC /* ProductCellViewModel.swift */; };
		6B994837272ECACD005EB0BD /* NumberFormatter+Extension.swift in Sources */ = {isa = PBXBuildFile; fileRef = 6B9946C5272DC2EC005EB0BD /* NumberFormatter+Extension.swift */; };
		6B99483A272ECAD5005EB0BD /* UIView+Extension.swift in Sources */ = {isa = PBXBuildFile; fileRef = 6B2A96BF2728B83D00A5D976 /* UIView+Extension.swift */; };
		6B99483D272ECADB005EB0BD /* UIColor+Extension.swift in Sources */ = {isa = PBXBuildFile; fileRef = 6B2A96E927298C0200A5D976 /* UIColor+Extension.swift */; };
		6B994840272ECAE8005EB0BD /* UIViewController+Extension.swift in Sources */ = {isa = PBXBuildFile; fileRef = 6B2A96BB2728B7CB00A5D976 /* UIViewController+Extension.swift */; };
		6B994843272ECAFA005EB0BD /* UIFont+Extension.swift in Sources */ = {isa = PBXBuildFile; fileRef = 6B40F3E5272A2D1500204B7F /* UIFont+Extension.swift */; };
		6B994846272ECB0C005EB0BD /* DatabaseProtocol.swift in Sources */ = {isa = PBXBuildFile; fileRef = 6B9946F6272DE739005EB0BD /* DatabaseProtocol.swift */; };
		6B994849272ECB1F005EB0BD /* NSObject+Extension.swift in Sources */ = {isa = PBXBuildFile; fileRef = 6B2DEDB4272B7A6D008664FC /* NSObject+Extension.swift */; };
		6B99484B272ECB1F005EB0BD /* JSONEncoder+Extension.swift in Sources */ = {isa = PBXBuildFile; fileRef = 6B994704272DE7DB005EB0BD /* JSONEncoder+Extension.swift */; };
		6B99484C272ECB1F005EB0BD /* String+Extension.swift in Sources */ = {isa = PBXBuildFile; fileRef = 6B99472E272E3EDE005EB0BD /* String+Extension.swift */; };
		6B99484D272ECB1F005EB0BD /* UITableView+Extension.swift in Sources */ = {isa = PBXBuildFile; fileRef = 6B2DEDB0272B7A21008664FC /* UITableView+Extension.swift */; };
		6B99484E272ECB1F005EB0BD /* Collection+Extension.swift in Sources */ = {isa = PBXBuildFile; fileRef = 6B40F3E1272A295600204B7F /* Collection+Extension.swift */; };
		6B99484F272ECB1F005EB0BD /* ImageView+Extension.swift in Sources */ = {isa = PBXBuildFile; fileRef = 6B2DEDBE272B828B008664FC /* ImageView+Extension.swift */; };
		6B994850272ECB1F005EB0BD /* Int+Extension.swift in Sources */ = {isa = PBXBuildFile; fileRef = 6B9946CF272DC3B7005EB0BD /* Int+Extension.swift */; };
		6B994853272ECB33005EB0BD /* DatabaseManager.swift in Sources */ = {isa = PBXBuildFile; fileRef = 6B994700272DE767005EB0BD /* DatabaseManager.swift */; };
		6B994856272ECB42005EB0BD /* ProductCell.swift in Sources */ = {isa = PBXBuildFile; fileRef = 6B2DEDB8272B7B05008664FC /* ProductCell.swift */; };
		6B994859272ECB4E005EB0BD /* Cart.swift in Sources */ = {isa = PBXBuildFile; fileRef = 6B994709272DF24E005EB0BD /* Cart.swift */; };
		6B99485C272ECB5C005EB0BD /* ProductCellContent.swift in Sources */ = {isa = PBXBuildFile; fileRef = 6B2DEDC2272B8311008664FC /* ProductCellContent.swift */; };
		6B994862272ECD31005EB0BD /* GeneralTests.swift in Sources */ = {isa = PBXBuildFile; fileRef = 6B994860272ECD31005EB0BD /* GeneralTests.swift */; };
		6B99486D272ECEB3005EB0BD /* UITableViewTests.swift in Sources */ = {isa = PBXBuildFile; fileRef = 6B99486B272ECEB3005EB0BD /* UITableViewTests.swift */; };
		6B994876272ECF8E005EB0BD /* SplashScreenFlowTests.swift in Sources */ = {isa = PBXBuildFile; fileRef = 6B994874272ECF8E005EB0BD /* SplashScreenFlowTests.swift */; };
		6B994888272ED7B3005EB0BD /* TabBarViewModel.swift in Sources */ = {isa = PBXBuildFile; fileRef = 6B994887272ED7B3005EB0BD /* TabBarViewModel.swift */; };
		6B994889272ED7B3005EB0BD /* TabBarViewModel.swift in Sources */ = {isa = PBXBuildFile; fileRef = 6B994887272ED7B3005EB0BD /* TabBarViewModel.swift */; };
		6B994892272EE5DB005EB0BD /* HomeScreenTests.swift in Sources */ = {isa = PBXBuildFile; fileRef = 6B994890272EE5DB005EB0BD /* HomeScreenTests.swift */; };
		6B994899272EE8DC005EB0BD /* SearchScreenTests.swift in Sources */ = {isa = PBXBuildFile; fileRef = 6B994898272EE8DC005EB0BD /* SearchScreenTests.swift */; };
		6B9948B1272EF8A9005EB0BD /* UserDefaultsMock.swift in Sources */ = {isa = PBXBuildFile; fileRef = 6B9948B0272EF8A9005EB0BD /* UserDefaultsMock.swift */; };
		6B9948B6272EFD45005EB0BD /* CartScreenTests.swift in Sources */ = {isa = PBXBuildFile; fileRef = 6B9948B5272EFD45005EB0BD /* CartScreenTests.swift */; };
		6B9948BB272F0251005EB0BD /* ProductResources.swift in Sources */ = {isa = PBXBuildFile; fileRef = 6B2A97652729A50500A5D976 /* ProductResources.swift */; };
		6B9948BF272F05F7005EB0BD /* ProductServicesTest.swift in Sources */ = {isa = PBXBuildFile; fileRef = 6B9948BE272F05F7005EB0BD /* ProductServicesTest.swift */; };
		6B9948CB272F0EEF005EB0BD /* TabBarScreenTests.swift in Sources */ = {isa = PBXBuildFile; fileRef = 6B9948CA272F0EEF005EB0BD /* TabBarScreenTests.swift */; };
		6B9948D5272F1166005EB0BD /* ProductTests.swift in Sources */ = {isa = PBXBuildFile; fileRef = 6B9948D4272F1166005EB0BD /* ProductTests.swift */; };
		6B9948E2272F1577005EB0BD /* SymbolTests.swift in Sources */ = {isa = PBXBuildFile; fileRef = 6B9948E1272F1577005EB0BD /* SymbolTests.swift */; };
		6B9948E8272F2318005EB0BD /* ProductCellViewModelTests.swift in Sources */ = {isa = PBXBuildFile; fileRef = 6B9948E7272F2318005EB0BD /* ProductCellViewModelTests.swift */; };
		AFF534942701ECBC00EEE4AE /* AppDelegate.swift in Sources */ = {isa = PBXBuildFile; fileRef = AFF534932701ECBC00EEE4AE /* AppDelegate.swift */; };
		AFF534962701ECBC00EEE4AE /* SceneDelegate.swift in Sources */ = {isa = PBXBuildFile; fileRef = AFF534952701ECBC00EEE4AE /* SceneDelegate.swift */; };
		AFF5349D2701ECBF00EEE4AE /* Assets.xcassets in Resources */ = {isa = PBXBuildFile; fileRef = AFF5349C2701ECBF00EEE4AE /* Assets.xcassets */; };
		AFF534A02701ECBF00EEE4AE /* LaunchScreen.storyboard in Resources */ = {isa = PBXBuildFile; fileRef = AFF5349E2701ECBF00EEE4AE /* LaunchScreen.storyboard */; };
		AFF534C62701EE7300EEE4AE /* Product.swift in Sources */ = {isa = PBXBuildFile; fileRef = AFF534C52701EE7300EEE4AE /* Product.swift */; };
		AFF534C82701F93100EEE4AE /* ProductPriceData.swift in Sources */ = {isa = PBXBuildFile; fileRef = AFF534C72701F93100EEE4AE /* ProductPriceData.swift */; };
		AFF534CA2701F98300EEE4AE /* ProductImagesInfo.swift in Sources */ = {isa = PBXBuildFile; fileRef = AFF534C92701F98300EEE4AE /* ProductImagesInfo.swift */; };
		AFF534D02702007000EEE4AE /* productsResult.json in Resources */ = {isa = PBXBuildFile; fileRef = AFF534CF2702007000EEE4AE /* productsResult.json */; };
		AFF534D72702088800EEE4AE /* ImageDetail.swift in Sources */ = {isa = PBXBuildFile; fileRef = AFF534D62702088800EEE4AE /* ImageDetail.swift */; };
		B60F55A940977ED036A3F66F /* Pods_iOSAssignmentTests.framework in Frameworks */ = {isa = PBXBuildFile; fileRef = 3365EEA57E60332245B2B84D /* Pods_iOSAssignmentTests.framework */; };
		CB07D96E57F76276281C9C27 /* Pods_iOSAssignment.framework in Frameworks */ = {isa = PBXBuildFile; fileRef = 705FF3603BDDF44E8E68ED2B /* Pods_iOSAssignment.framework */; };
/* End PBXBuildFile section */

/* Begin PBXContainerItemProxy section */
		AFF534A72701ECBF00EEE4AE /* PBXContainerItemProxy */ = {
			isa = PBXContainerItemProxy;
			containerPortal = AFF534882701ECBC00EEE4AE /* Project object */;
			proxyType = 1;
			remoteGlobalIDString = AFF5348F2701ECBC00EEE4AE;
			remoteInfo = iOSAssignment;
		};
/* End PBXContainerItemProxy section */

/* Begin PBXFileReference section */
		1A96EE5C21A774821CABAE34 /* Pods-iOSAssignmentTests.debug.xcconfig */ = {isa = PBXFileReference; includeInIndex = 1; lastKnownFileType = text.xcconfig; name = "Pods-iOSAssignmentTests.debug.xcconfig"; path = "Target Support Files/Pods-iOSAssignmentTests/Pods-iOSAssignmentTests.debug.xcconfig"; sourceTree = "<group>"; };
		1E91DC7C48315A96D25C234A /* Pods-iOSAssignmentTests.release.xcconfig */ = {isa = PBXFileReference; includeInIndex = 1; lastKnownFileType = text.xcconfig; name = "Pods-iOSAssignmentTests.release.xcconfig"; path = "Target Support Files/Pods-iOSAssignmentTests/Pods-iOSAssignmentTests.release.xcconfig"; sourceTree = "<group>"; };
		3365EEA57E60332245B2B84D /* Pods_iOSAssignmentTests.framework */ = {isa = PBXFileReference; explicitFileType = wrapper.framework; includeInIndex = 0; path = Pods_iOSAssignmentTests.framework; sourceTree = BUILT_PRODUCTS_DIR; };
		413CCD7C3842D9D3676CF415 /* Pods-iOSAssignment.release.xcconfig */ = {isa = PBXFileReference; includeInIndex = 1; lastKnownFileType = text.xcconfig; name = "Pods-iOSAssignment.release.xcconfig"; path = "Target Support Files/Pods-iOSAssignment/Pods-iOSAssignment.release.xcconfig"; sourceTree = "<group>"; };
		6B2A96AD2728B6F700A5D976 /* SplashScreenViewController.swift */ = {isa = PBXFileReference; lastKnownFileType = sourcecode.swift; path = SplashScreenViewController.swift; sourceTree = "<group>"; };
		6B2A96B32728B71B00A5D976 /* SplashScreenViewModel.swift */ = {isa = PBXFileReference; lastKnownFileType = sourcecode.swift; path = SplashScreenViewModel.swift; sourceTree = "<group>"; };
		6B2A96B72728B73200A5D976 /* SplashScreenCoordinator.swift */ = {isa = PBXFileReference; lastKnownFileType = sourcecode.swift; path = SplashScreenCoordinator.swift; sourceTree = "<group>"; };
		6B2A96BB2728B7CB00A5D976 /* UIViewController+Extension.swift */ = {isa = PBXFileReference; lastKnownFileType = sourcecode.swift; path = "UIViewController+Extension.swift"; sourceTree = "<group>"; };
		6B2A96BF2728B83D00A5D976 /* UIView+Extension.swift */ = {isa = PBXFileReference; lastKnownFileType = sourcecode.swift; path = "UIView+Extension.swift"; sourceTree = "<group>"; };
		6B2A96C82728BE2C00A5D976 /* TabBarViewController.swift */ = {isa = PBXFileReference; lastKnownFileType = sourcecode.swift; path = TabBarViewController.swift; sourceTree = "<group>"; };
		6B2A96CF2729793B00A5D976 /* SearchViewController.swift */ = {isa = PBXFileReference; lastKnownFileType = sourcecode.swift; path = SearchViewController.swift; sourceTree = "<group>"; };
		6B2A96D32729794C00A5D976 /* SearchViewModel.swift */ = {isa = PBXFileReference; lastKnownFileType = sourcecode.swift; path = SearchViewModel.swift; sourceTree = "<group>"; };
		6B2A96D72729795700A5D976 /* SearchCoordinator.swift */ = {isa = PBXFileReference; lastKnownFileType = sourcecode.swift; path = SearchCoordinator.swift; sourceTree = "<group>"; };
		6B2A96DB27297BFD00A5D976 /* TabBarCoordinator.swift */ = {isa = PBXFileReference; lastKnownFileType = sourcecode.swift; path = TabBarCoordinator.swift; sourceTree = "<group>"; };
		6B2A96E3272989B400A5D976 /* TabBarPosition.swift */ = {isa = PBXFileReference; lastKnownFileType = sourcecode.swift; path = TabBarPosition.swift; sourceTree = "<group>"; };
		6B2A96E927298C0200A5D976 /* UIColor+Extension.swift */ = {isa = PBXFileReference; lastKnownFileType = sourcecode.swift; path = "UIColor+Extension.swift"; sourceTree = "<group>"; };
		6B2A970A2729998A00A5D976 /* R.generated.swift */ = {isa = PBXFileReference; fileEncoding = 4; lastKnownFileType = sourcecode.swift; path = R.generated.swift; sourceTree = SOURCE_ROOT; };
		6B2A971F27299AE400A5D976 /* en */ = {isa = PBXFileReference; lastKnownFileType = text.plist.strings; name = en; path = en.lproj/Localizable.strings; sourceTree = "<group>"; };
		6B2A97252729A08900A5D976 /* ProductServices.swift */ = {isa = PBXFileReference; lastKnownFileType = sourcecode.swift; path = ProductServices.swift; sourceTree = "<group>"; };
		6B2A97292729A0FE00A5D976 /* Response.swift */ = {isa = PBXFileReference; lastKnownFileType = sourcecode.swift; path = Response.swift; sourceTree = "<group>"; };
		6B2A972D2729A11300A5D976 /* ErrorRequest.swift */ = {isa = PBXFileReference; lastKnownFileType = sourcecode.swift; path = ErrorRequest.swift; sourceTree = "<group>"; };
		6B2A97312729A1B600A5D976 /* HTTPStatusCode.swift */ = {isa = PBXFileReference; lastKnownFileType = sourcecode.swift; path = HTTPStatusCode.swift; sourceTree = "<group>"; };
		6B2A973D2729A29400A5D976 /* Requestable.swift */ = {isa = PBXFileReference; lastKnownFileType = sourcecode.swift; path = Requestable.swift; sourceTree = "<group>"; };
		6B2A97412729A2C100A5D976 /* NetworkManager.swift */ = {isa = PBXFileReference; lastKnownFileType = sourcecode.swift; path = NetworkManager.swift; sourceTree = "<group>"; };
		6B2A97452729A30100A5D976 /* JSONDecoder+Extension.swift */ = {isa = PBXFileReference; lastKnownFileType = sourcecode.swift; path = "JSONDecoder+Extension.swift"; sourceTree = "<group>"; };
		6B2A97492729A31900A5D976 /* DateFormatter+Extension.swift */ = {isa = PBXFileReference; lastKnownFileType = sourcecode.swift; path = "DateFormatter+Extension.swift"; sourceTree = "<group>"; };
		6B2A974D2729A36C00A5D976 /* Encodable+Extension.swift */ = {isa = PBXFileReference; lastKnownFileType = sourcecode.swift; path = "Encodable+Extension.swift"; sourceTree = "<group>"; };
		6B2A97512729A3A300A5D976 /* HTTPMethodType.swift */ = {isa = PBXFileReference; lastKnownFileType = sourcecode.swift; path = HTTPMethodType.swift; sourceTree = "<group>"; };
		6B2A97552729A3C400A5D976 /* Config.swift */ = {isa = PBXFileReference; lastKnownFileType = sourcecode.swift; path = Config.swift; sourceTree = "<group>"; };
		6B2A975B2729A41800A5D976 /* Config.plist */ = {isa = PBXFileReference; lastKnownFileType = text.plist.xml; path = Config.plist; sourceTree = "<group>"; };
		6B2A97652729A50500A5D976 /* ProductResources.swift */ = {isa = PBXFileReference; lastKnownFileType = sourcecode.swift; path = ProductResources.swift; sourceTree = "<group>"; };
		6B2DEDAA272B6D5D008664FC /* ProductCellViewModel.swift */ = {isa = PBXFileReference; lastKnownFileType = sourcecode.swift; path = ProductCellViewModel.swift; sourceTree = "<group>"; };
		6B2DEDB0272B7A21008664FC /* UITableView+Extension.swift */ = {isa = PBXFileReference; lastKnownFileType = sourcecode.swift; path = "UITableView+Extension.swift"; sourceTree = "<group>"; };
		6B2DEDB4272B7A6D008664FC /* NSObject+Extension.swift */ = {isa = PBXFileReference; lastKnownFileType = sourcecode.swift; path = "NSObject+Extension.swift"; sourceTree = "<group>"; };
		6B2DEDB8272B7B05008664FC /* ProductCell.swift */ = {isa = PBXFileReference; lastKnownFileType = sourcecode.swift; path = ProductCell.swift; sourceTree = "<group>"; };
		6B2DEDBE272B828B008664FC /* ImageView+Extension.swift */ = {isa = PBXFileReference; lastKnownFileType = sourcecode.swift; path = "ImageView+Extension.swift"; sourceTree = "<group>"; };
		6B2DEDC2272B8311008664FC /* ProductCellContent.swift */ = {isa = PBXFileReference; lastKnownFileType = sourcecode.swift; path = ProductCellContent.swift; sourceTree = "<group>"; };
		6B40F3D5272A27B100204B7F /* Dynamic.swift */ = {isa = PBXFileReference; lastKnownFileType = sourcecode.swift; path = Dynamic.swift; sourceTree = "<group>"; };
		6B40F3D9272A281E00204B7F /* MessageData.swift */ = {isa = PBXFileReference; lastKnownFileType = sourcecode.swift; path = MessageData.swift; sourceTree = "<group>"; };
		6B40F3DD272A283400204B7F /* MessageCategory.swift */ = {isa = PBXFileReference; lastKnownFileType = sourcecode.swift; path = MessageCategory.swift; sourceTree = "<group>"; };
		6B40F3E1272A295600204B7F /* Collection+Extension.swift */ = {isa = PBXFileReference; lastKnownFileType = sourcecode.swift; path = "Collection+Extension.swift"; sourceTree = "<group>"; };
		6B40F3E5272A2D1500204B7F /* UIFont+Extension.swift */ = {isa = PBXFileReference; lastKnownFileType = sourcecode.swift; path = "UIFont+Extension.swift"; sourceTree = "<group>"; };
		6B40F3E9272A300500204B7F /* JSONResponse.swift */ = {isa = PBXFileReference; lastKnownFileType = sourcecode.swift; path = JSONResponse.swift; sourceTree = "<group>"; };
		6B40F3ED272A304500204B7F /* FileDecoder.swift */ = {isa = PBXFileReference; lastKnownFileType = sourcecode.swift; path = FileDecoder.swift; sourceTree = "<group>"; };
		6B40F411272A934600204B7F /* SearchContent.swift */ = {isa = PBXFileReference; lastKnownFileType = sourcecode.swift; path = SearchContent.swift; sourceTree = "<group>"; };
		6B67FD852726E88400C95AB3 /* README.md */ = {isa = PBXFileReference; fileEncoding = 4; lastKnownFileType = net.daringfireball.markdown; path = README.md; sourceTree = SOURCE_ROOT; };
		6B67FD8A2726E8C800C95AB3 /* Products.swift */ = {isa = PBXFileReference; lastKnownFileType = sourcecode.swift; path = Products.swift; sourceTree = "<group>"; };
		6B67FD922726EDD300C95AB3 /* ProductUnitPrice.swift */ = {isa = PBXFileReference; lastKnownFileType = sourcecode.swift; path = ProductUnitPrice.swift; sourceTree = "<group>"; };
		6B67FD962726EDE900C95AB3 /* ProductPrice.swift */ = {isa = PBXFileReference; lastKnownFileType = sourcecode.swift; path = ProductPrice.swift; sourceTree = "<group>"; };
		6B67FD9E2726EF1300C95AB3 /* AppCoordinator.swift */ = {isa = PBXFileReference; lastKnownFileType = sourcecode.swift; path = AppCoordinator.swift; sourceTree = "<group>"; };
		6B67FDA32726EF4800C95AB3 /* Coordinator.swift */ = {isa = PBXFileReference; lastKnownFileType = sourcecode.swift; path = Coordinator.swift; sourceTree = "<group>"; };
		6B67FDA82726EF8100C95AB3 /* InitialFlow.swift */ = {isa = PBXFileReference; lastKnownFileType = sourcecode.swift; path = InitialFlow.swift; sourceTree = "<group>"; };
		6B9946C1272DBE6E005EB0BD /* Formater.swift */ = {isa = PBXFileReference; lastKnownFileType = sourcecode.swift; path = Formater.swift; sourceTree = "<group>"; };
		6B9946C5272DC2EC005EB0BD /* NumberFormatter+Extension.swift */ = {isa = PBXFileReference; lastKnownFileType = sourcecode.swift; path = "NumberFormatter+Extension.swift"; sourceTree = "<group>"; };
		6B9946CB272DC387005EB0BD /* Symbol.swift */ = {isa = PBXFileReference; lastKnownFileType = sourcecode.swift; path = Symbol.swift; sourceTree = "<group>"; };
		6B9946CF272DC3B7005EB0BD /* Int+Extension.swift */ = {isa = PBXFileReference; lastKnownFileType = sourcecode.swift; path = "Int+Extension.swift"; sourceTree = "<group>"; };
		6B9946DB272DD610005EB0BD /* HomeCoordinator.swift */ = {isa = PBXFileReference; lastKnownFileType = sourcecode.swift; path = HomeCoordinator.swift; sourceTree = "<group>"; };
		6B9946E1272DD619005EB0BD /* HomeViewController.swift */ = {isa = PBXFileReference; lastKnownFileType = sourcecode.swift; path = HomeViewController.swift; sourceTree = "<group>"; };
		6B9946E5272DD624005EB0BD /* HomeViewModel.swift */ = {isa = PBXFileReference; lastKnownFileType = sourcecode.swift; path = HomeViewModel.swift; sourceTree = "<group>"; };
		6B9946E9272DD787005EB0BD /* HomeContent.swift */ = {isa = PBXFileReference; lastKnownFileType = sourcecode.swift; path = HomeContent.swift; sourceTree = "<group>"; };
		6B9946F1272DE585005EB0BD /* CartManager.swift */ = {isa = PBXFileReference; lastKnownFileType = sourcecode.swift; path = CartManager.swift; sourceTree = "<group>"; };
		6B9946F6272DE739005EB0BD /* DatabaseProtocol.swift */ = {isa = PBXFileReference; lastKnownFileType = sourcecode.swift; path = DatabaseProtocol.swift; sourceTree = "<group>"; };
		6B9946FC272DE74F005EB0BD /* ObjectRepresentable.swift */ = {isa = PBXFileReference; lastKnownFileType = sourcecode.swift; path = ObjectRepresentable.swift; sourceTree = "<group>"; };
		6B994700272DE767005EB0BD /* DatabaseManager.swift */ = {isa = PBXFileReference; lastKnownFileType = sourcecode.swift; path = DatabaseManager.swift; sourceTree = "<group>"; };
		6B994704272DE7DB005EB0BD /* JSONEncoder+Extension.swift */ = {isa = PBXFileReference; lastKnownFileType = sourcecode.swift; path = "JSONEncoder+Extension.swift"; sourceTree = "<group>"; };
		6B994709272DF24E005EB0BD /* Cart.swift */ = {isa = PBXFileReference; lastKnownFileType = sourcecode.swift; path = Cart.swift; sourceTree = "<group>"; };
		6B99470F272E1BA7005EB0BD /* CartProduct.swift */ = {isa = PBXFileReference; lastKnownFileType = sourcecode.swift; path = CartProduct.swift; sourceTree = "<group>"; };
		6B99472E272E3EDE005EB0BD /* String+Extension.swift */ = {isa = PBXFileReference; lastKnownFileType = sourcecode.swift; path = "String+Extension.swift"; sourceTree = "<group>"; };
		6B994738272E516F005EB0BD /* ListProductsComponent.swift */ = {isa = PBXFileReference; lastKnownFileType = sourcecode.swift; path = ListProductsComponent.swift; sourceTree = "<group>"; };
		6B994743272E56F2005EB0BD /* CartCoordinator.swift */ = {isa = PBXFileReference; lastKnownFileType = sourcecode.swift; path = CartCoordinator.swift; sourceTree = "<group>"; };
		6B994747272E5704005EB0BD /* CartContent.swift */ = {isa = PBXFileReference; lastKnownFileType = sourcecode.swift; path = CartContent.swift; sourceTree = "<group>"; };
		6B99474B272E5717005EB0BD /* CartViewController.swift */ = {isa = PBXFileReference; lastKnownFileType = sourcecode.swift; path = CartViewController.swift; sourceTree = "<group>"; };
		6B99474F272E5720005EB0BD /* CartViewModel.swift */ = {isa = PBXFileReference; lastKnownFileType = sourcecode.swift; path = CartViewModel.swift; sourceTree = "<group>"; };
		6B994759272EC126005EB0BD /* AFMock.swift */ = {isa = PBXFileReference; lastKnownFileType = sourcecode.swift; path = AFMock.swift; sourceTree = "<group>"; };
		6B994761272EC1B4005EB0BD /* Info.plist */ = {isa = PBXFileReference; fileEncoding = 4; lastKnownFileType = text.plist.xml; path = Info.plist; sourceTree = "<group>"; };
		6B99479A272EC509005EB0BD /* ProductResourcesTestable.swift */ = {isa = PBXFileReference; lastKnownFileType = sourcecode.swift; path = ProductResourcesTestable.swift; sourceTree = "<group>"; };
		6B9947A7272EC77A005EB0BD /* ProductServiceResponseError.swift */ = {isa = PBXFileReference; lastKnownFileType = sourcecode.swift; path = ProductServiceResponseError.swift; sourceTree = "<group>"; };
		6B9947BF272EC87B005EB0BD /* productsResultError.json */ = {isa = PBXFileReference; fileEncoding = 4; lastKnownFileType = text.json; path = productsResultError.json; sourceTree = "<group>"; };
		6B9947D3272EC99C005EB0BD /* AppCoordinatorTests.swift */ = {isa = PBXFileReference; lastKnownFileType = sourcecode.swift; path = AppCoordinatorTests.swift; sourceTree = "<group>"; };
		6B994860272ECD31005EB0BD /* GeneralTests.swift */ = {isa = PBXFileReference; lastKnownFileType = sourcecode.swift; path = GeneralTests.swift; sourceTree = "<group>"; };
		6B99486B272ECEB3005EB0BD /* UITableViewTests.swift */ = {isa = PBXFileReference; lastKnownFileType = sourcecode.swift; path = UITableViewTests.swift; sourceTree = "<group>"; };
		6B994874272ECF8E005EB0BD /* SplashScreenFlowTests.swift */ = {isa = PBXFileReference; lastKnownFileType = sourcecode.swift; path = SplashScreenFlowTests.swift; sourceTree = "<group>"; };
		6B994887272ED7B3005EB0BD /* TabBarViewModel.swift */ = {isa = PBXFileReference; lastKnownFileType = sourcecode.swift; path = TabBarViewModel.swift; sourceTree = "<group>"; };
		6B994890272EE5DB005EB0BD /* HomeScreenTests.swift */ = {isa = PBXFileReference; lastKnownFileType = sourcecode.swift; path = HomeScreenTests.swift; sourceTree = "<group>"; };
		6B994898272EE8DC005EB0BD /* SearchScreenTests.swift */ = {isa = PBXFileReference; lastKnownFileType = sourcecode.swift; path = SearchScreenTests.swift; sourceTree = "<group>"; };
		6B9948B0272EF8A9005EB0BD /* UserDefaultsMock.swift */ = {isa = PBXFileReference; lastKnownFileType = sourcecode.swift; path = UserDefaultsMock.swift; sourceTree = "<group>"; };
		6B9948B5272EFD45005EB0BD /* CartScreenTests.swift */ = {isa = PBXFileReference; lastKnownFileType = sourcecode.swift; path = CartScreenTests.swift; sourceTree = "<group>"; };
		6B9948BE272F05F7005EB0BD /* ProductServicesTest.swift */ = {isa = PBXFileReference; lastKnownFileType = sourcecode.swift; path = ProductServicesTest.swift; sourceTree = "<group>"; };
		6B9948CA272F0EEF005EB0BD /* TabBarScreenTests.swift */ = {isa = PBXFileReference; lastKnownFileType = sourcecode.swift; path = TabBarScreenTests.swift; sourceTree = "<group>"; };
		6B9948D4272F1166005EB0BD /* ProductTests.swift */ = {isa = PBXFileReference; lastKnownFileType = sourcecode.swift; path = ProductTests.swift; sourceTree = "<group>"; };
		6B9948E1272F1577005EB0BD /* SymbolTests.swift */ = {isa = PBXFileReference; lastKnownFileType = sourcecode.swift; path = SymbolTests.swift; sourceTree = "<group>"; };
		6B9948E7272F2318005EB0BD /* ProductCellViewModelTests.swift */ = {isa = PBXFileReference; lastKnownFileType = sourcecode.swift; path = ProductCellViewModelTests.swift; sourceTree = "<group>"; };
		705FF3603BDDF44E8E68ED2B /* Pods_iOSAssignment.framework */ = {isa = PBXFileReference; explicitFileType = wrapper.framework; includeInIndex = 0; path = Pods_iOSAssignment.framework; sourceTree = BUILT_PRODUCTS_DIR; };
		AFF534902701ECBC00EEE4AE /* iOSAssignment.app */ = {isa = PBXFileReference; explicitFileType = wrapper.application; includeInIndex = 0; path = iOSAssignment.app; sourceTree = BUILT_PRODUCTS_DIR; };
		AFF534932701ECBC00EEE4AE /* AppDelegate.swift */ = {isa = PBXFileReference; lastKnownFileType = sourcecode.swift; path = AppDelegate.swift; sourceTree = "<group>"; };
		AFF534952701ECBC00EEE4AE /* SceneDelegate.swift */ = {isa = PBXFileReference; lastKnownFileType = sourcecode.swift; path = SceneDelegate.swift; sourceTree = "<group>"; };
		AFF5349C2701ECBF00EEE4AE /* Assets.xcassets */ = {isa = PBXFileReference; lastKnownFileType = folder.assetcatalog; path = Assets.xcassets; sourceTree = "<group>"; };
		AFF5349F2701ECBF00EEE4AE /* Base */ = {isa = PBXFileReference; lastKnownFileType = file.storyboard; name = Base; path = Base.lproj/LaunchScreen.storyboard; sourceTree = "<group>"; };
		AFF534A12701ECBF00EEE4AE /* Info.plist */ = {isa = PBXFileReference; lastKnownFileType = text.plist.xml; path = Info.plist; sourceTree = "<group>"; };
		AFF534A62701ECBF00EEE4AE /* iOSAssignmentTests.xctest */ = {isa = PBXFileReference; explicitFileType = wrapper.cfbundle; includeInIndex = 0; path = iOSAssignmentTests.xctest; sourceTree = BUILT_PRODUCTS_DIR; };
		AFF534C52701EE7300EEE4AE /* Product.swift */ = {isa = PBXFileReference; lastKnownFileType = sourcecode.swift; path = Product.swift; sourceTree = "<group>"; };
		AFF534C72701F93100EEE4AE /* ProductPriceData.swift */ = {isa = PBXFileReference; lastKnownFileType = sourcecode.swift; path = ProductPriceData.swift; sourceTree = "<group>"; };
		AFF534C92701F98300EEE4AE /* ProductImagesInfo.swift */ = {isa = PBXFileReference; lastKnownFileType = sourcecode.swift; path = ProductImagesInfo.swift; sourceTree = "<group>"; };
		AFF534CF2702007000EEE4AE /* productsResult.json */ = {isa = PBXFileReference; fileEncoding = 4; lastKnownFileType = text.json; path = productsResult.json; sourceTree = "<group>"; };
		AFF534D62702088800EEE4AE /* ImageDetail.swift */ = {isa = PBXFileReference; lastKnownFileType = sourcecode.swift; path = ImageDetail.swift; sourceTree = "<group>"; };
		CE80D123F947EE63A42C55BC /* Pods-iOSAssignment.debug.xcconfig */ = {isa = PBXFileReference; includeInIndex = 1; lastKnownFileType = text.xcconfig; name = "Pods-iOSAssignment.debug.xcconfig"; path = "Target Support Files/Pods-iOSAssignment/Pods-iOSAssignment.debug.xcconfig"; sourceTree = "<group>"; };
/* End PBXFileReference section */

/* Begin PBXFrameworksBuildPhase section */
		AFF5348D2701ECBC00EEE4AE /* Frameworks */ = {
			isa = PBXFrameworksBuildPhase;
			buildActionMask = 2147483647;
			files = (
				CB07D96E57F76276281C9C27 /* Pods_iOSAssignment.framework in Frameworks */,
			);
			runOnlyForDeploymentPostprocessing = 0;
		};
		AFF534A32701ECBF00EEE4AE /* Frameworks */ = {
			isa = PBXFrameworksBuildPhase;
			buildActionMask = 2147483647;
			files = (
				B60F55A940977ED036A3F66F /* Pods_iOSAssignmentTests.framework in Frameworks */,
			);
			runOnlyForDeploymentPostprocessing = 0;
		};
/* End PBXFrameworksBuildPhase section */

/* Begin PBXGroup section */
		161752062CEC1AAD4E8B2852 /* Pods */ = {
			isa = PBXGroup;
			children = (
				CE80D123F947EE63A42C55BC /* Pods-iOSAssignment.debug.xcconfig */,
				413CCD7C3842D9D3676CF415 /* Pods-iOSAssignment.release.xcconfig */,
				1A96EE5C21A774821CABAE34 /* Pods-iOSAssignmentTests.debug.xcconfig */,
				1E91DC7C48315A96D25C234A /* Pods-iOSAssignmentTests.release.xcconfig */,
			);
			path = Pods;
			sourceTree = "<group>";
		};
		6B2A96AC2728B6DF00A5D976 /* SplashScreen */ = {
			isa = PBXGroup;
			children = (
				6B2A96AD2728B6F700A5D976 /* SplashScreenViewController.swift */,
				6B2A96B32728B71B00A5D976 /* SplashScreenViewModel.swift */,
				6B2A96B72728B73200A5D976 /* SplashScreenCoordinator.swift */,
			);
			path = SplashScreen;
			sourceTree = "<group>";
		};
		6B2A96C72728BE1B00A5D976 /* TabBar */ = {
			isa = PBXGroup;
			children = (
				6B2A96C82728BE2C00A5D976 /* TabBarViewController.swift */,
				6B994887272ED7B3005EB0BD /* TabBarViewModel.swift */,
				6B2A96DB27297BFD00A5D976 /* TabBarCoordinator.swift */,
			);
			path = TabBar;
			sourceTree = "<group>";
		};
		6B2A96CE2729792400A5D976 /* Search */ = {
			isa = PBXGroup;
			children = (
				6B40F411272A934600204B7F /* SearchContent.swift */,
				6B2A96CF2729793B00A5D976 /* SearchViewController.swift */,
				6B2A96D32729794C00A5D976 /* SearchViewModel.swift */,
				6B2A96D72729795700A5D976 /* SearchCoordinator.swift */,
			);
			path = Search;
			sourceTree = "<group>";
		};
		6B2A97232729A02300A5D976 /* Services */ = {
			isa = PBXGroup;
			children = (
				6B2A97242729A07B00A5D976 /* Product */,
			);
			path = Services;
			sourceTree = "<group>";
		};
		6B2A97242729A07B00A5D976 /* Product */ = {
			isa = PBXGroup;
			children = (
				6B2A97252729A08900A5D976 /* ProductServices.swift */,
				6B2A97652729A50500A5D976 /* ProductResources.swift */,
			);
			path = Product;
			sourceTree = "<group>";
		};
		6B2A97352729A25500A5D976 /* Network */ = {
			isa = PBXGroup;
			children = (
				6B2A973D2729A29400A5D976 /* Requestable.swift */,
				6B2A97412729A2C100A5D976 /* NetworkManager.swift */,
			);
			path = Network;
			sourceTree = "<group>";
		};
		6B2A97592729A3E000A5D976 /* Targets */ = {
			isa = PBXGroup;
			children = (
				6B2A975A2729A3EF00A5D976 /* Production */,
			);
			path = Targets;
			sourceTree = "<group>";
		};
		6B2A975A2729A3EF00A5D976 /* Production */ = {
			isa = PBXGroup;
			children = (
				AFF534A12701ECBF00EEE4AE /* Info.plist */,
				6B2A975B2729A41800A5D976 /* Config.plist */,
			);
			path = Production;
			sourceTree = "<group>";
		};
		6B2DEDA9272B6D49008664FC /* Cells */ = {
			isa = PBXGroup;
			children = (
				6B2DEDC2272B8311008664FC /* ProductCellContent.swift */,
				6B2DEDB8272B7B05008664FC /* ProductCell.swift */,
				6B2DEDAA272B6D5D008664FC /* ProductCellViewModel.swift */,
			);
			path = Cells;
			sourceTree = "<group>";
		};
		6B67FD7D2726E72200C95AB3 /* App */ = {
			isa = PBXGroup;
			children = (
				AFF534932701ECBC00EEE4AE /* AppDelegate.swift */,
				AFF534952701ECBC00EEE4AE /* SceneDelegate.swift */,
				6B67FD9E2726EF1300C95AB3 /* AppCoordinator.swift */,
			);
			path = App;
			sourceTree = "<group>";
		};
		6B67FD7E2726E74A00C95AB3 /* Modules */ = {
			isa = PBXGroup;
			children = (
				6B67FD7D2726E72200C95AB3 /* App */,
				6B2A96C72728BE1B00A5D976 /* TabBar */,
				6B2A96AC2728B6DF00A5D976 /* SplashScreen */,
				6B9946DA272DD5F2005EB0BD /* Home */,
				6B2A96CE2729792400A5D976 /* Search */,
				6B994742272E56DB005EB0BD /* Cart */,
			);
			path = Modules;
			sourceTree = "<group>";
		};
		6B67FDA22726EF3E00C95AB3 /* General */ = {
			isa = PBXGroup;
			children = (
				6B67FDA32726EF4800C95AB3 /* Coordinator.swift */,
				6B2A97552729A3C400A5D976 /* Config.swift */,
				6B40F3D5272A27B100204B7F /* Dynamic.swift */,
				6B40F3D9272A281E00204B7F /* MessageData.swift */,
				6B40F3ED272A304500204B7F /* FileDecoder.swift */,
				6B9946C1272DBE6E005EB0BD /* Formater.swift */,
				6B9946F1272DE585005EB0BD /* CartManager.swift */,
				6B9946FC272DE74F005EB0BD /* ObjectRepresentable.swift */,
				6B40F3E9272A300500204B7F /* JSONResponse.swift */,
				6B67FDA72726EF7900C95AB3 /* Enums */,
			);
			path = General;
			sourceTree = "<group>";
		};
		6B67FDA72726EF7900C95AB3 /* Enums */ = {
			isa = PBXGroup;
			children = (
				6B67FDA82726EF8100C95AB3 /* InitialFlow.swift */,
				6B2A96E3272989B400A5D976 /* TabBarPosition.swift */,
				6B2A97292729A0FE00A5D976 /* Response.swift */,
				6B2A972D2729A11300A5D976 /* ErrorRequest.swift */,
				6B2A97312729A1B600A5D976 /* HTTPStatusCode.swift */,
				6B2A97512729A3A300A5D976 /* HTTPMethodType.swift */,
				6B40F3DD272A283400204B7F /* MessageCategory.swift */,
				6B9946CB272DC387005EB0BD /* Symbol.swift */,
			);
			path = Enums;
			sourceTree = "<group>";
		};
		6B9946DA272DD5F2005EB0BD /* Home */ = {
			isa = PBXGroup;
			children = (
				6B9946E9272DD787005EB0BD /* HomeContent.swift */,
				6B9946E1272DD619005EB0BD /* HomeViewController.swift */,
				6B9946E5272DD624005EB0BD /* HomeViewModel.swift */,
				6B9946DB272DD610005EB0BD /* HomeCoordinator.swift */,
			);
			path = Home;
			sourceTree = "<group>";
		};
		6B9946F5272DE728005EB0BD /* Database */ = {
			isa = PBXGroup;
			children = (
				6B9946F6272DE739005EB0BD /* DatabaseProtocol.swift */,
				6B994700272DE767005EB0BD /* DatabaseManager.swift */,
			);
			path = Database;
			sourceTree = "<group>";
		};
		6B994708272DF242005EB0BD /* Cart */ = {
			isa = PBXGroup;
			children = (
				6B994709272DF24E005EB0BD /* Cart.swift */,
				6B99470F272E1BA7005EB0BD /* CartProduct.swift */,
			);
			path = Cart;
			sourceTree = "<group>";
		};
		6B99473E272E5534005EB0BD /* Components */ = {
			isa = PBXGroup;
			children = (
				6B99473F272E553E005EB0BD /* ListProducts */,
			);
			path = Components;
			sourceTree = "<group>";
		};
		6B99473F272E553E005EB0BD /* ListProducts */ = {
			isa = PBXGroup;
			children = (
				6B994738272E516F005EB0BD /* ListProductsComponent.swift */,
				6B2DEDA9272B6D49008664FC /* Cells */,
			);
			path = ListProducts;
			sourceTree = "<group>";
		};
		6B994742272E56DB005EB0BD /* Cart */ = {
			isa = PBXGroup;
			children = (
				6B994747272E5704005EB0BD /* CartContent.swift */,
				6B99474B272E5717005EB0BD /* CartViewController.swift */,
				6B99474F272E5720005EB0BD /* CartViewModel.swift */,
				6B994743272E56F2005EB0BD /* CartCoordinator.swift */,
			);
			path = Cart;
			sourceTree = "<group>";
		};
		6B994760272EC18A005EB0BD /* Helpers */ = {
			isa = PBXGroup;
			children = (
				6B994761272EC1B4005EB0BD /* Info.plist */,
				6B994759272EC126005EB0BD /* AFMock.swift */,
				6B9948B0272EF8A9005EB0BD /* UserDefaultsMock.swift */,
			);
			path = Helpers;
			sourceTree = "<group>";
		};
		6B9947A6272EC747005EB0BD /* ProductServices */ = {
			isa = PBXGroup;
			children = (
				6B99479A272EC509005EB0BD /* ProductResourcesTestable.swift */,
				6B9947A7272EC77A005EB0BD /* ProductServiceResponseError.swift */,
				6B9948BE272F05F7005EB0BD /* ProductServicesTest.swift */,
			);
			path = ProductServices;
			sourceTree = "<group>";
		};
		6B9947AE272EC7BA005EB0BD /* JSonFiles */ = {
			isa = PBXGroup;
			children = (
				AFF534CF2702007000EEE4AE /* productsResult.json */,
				6B9947BF272EC87B005EB0BD /* productsResultError.json */,
			);
			path = JSonFiles;
			sourceTree = "<group>";
		};
		6B9947D2272EC972005EB0BD /* Modules */ = {
			isa = PBXGroup;
			children = (
				6B994873272ECF5E005EB0BD /* App */,
				6B9948C9272F0EDA005EB0BD /* TabBar */,
				6B994872272ECF4C005EB0BD /* Splash */,
				6B994886272ED782005EB0BD /* Home */,
				6B994897272EE8B3005EB0BD /* Search */,
				6B9948B4272EFD33005EB0BD /* Cart */,
			);
			path = Modules;
			sourceTree = "<group>";
		};
		6B99485F272ECD28005EB0BD /* General */ = {
			isa = PBXGroup;
			children = (
				6B994860272ECD31005EB0BD /* GeneralTests.swift */,
				6B99486B272ECEB3005EB0BD /* UITableViewTests.swift */,
				6B9948E7272F2318005EB0BD /* ProductCellViewModelTests.swift */,
			);
			path = General;
			sourceTree = "<group>";
		};
		6B994872272ECF4C005EB0BD /* Splash */ = {
			isa = PBXGroup;
			children = (
				6B994874272ECF8E005EB0BD /* SplashScreenFlowTests.swift */,
			);
			path = Splash;
			sourceTree = "<group>";
		};
		6B994873272ECF5E005EB0BD /* App */ = {
			isa = PBXGroup;
			children = (
				6B9947D3272EC99C005EB0BD /* AppCoordinatorTests.swift */,
			);
			path = App;
			sourceTree = "<group>";
		};
		6B994886272ED782005EB0BD /* Home */ = {
			isa = PBXGroup;
			children = (
				6B994890272EE5DB005EB0BD /* HomeScreenTests.swift */,
			);
			path = Home;
			sourceTree = "<group>";
		};
		6B994897272EE8B3005EB0BD /* Search */ = {
			isa = PBXGroup;
			children = (
				6B994898272EE8DC005EB0BD /* SearchScreenTests.swift */,
			);
			path = Search;
			sourceTree = "<group>";
		};
		6B9948B4272EFD33005EB0BD /* Cart */ = {
			isa = PBXGroup;
			children = (
				6B9948B5272EFD45005EB0BD /* CartScreenTests.swift */,
			);
			path = Cart;
			sourceTree = "<group>";
		};
		6B9948C9272F0EDA005EB0BD /* TabBar */ = {
			isa = PBXGroup;
			children = (
				6B9948CA272F0EEF005EB0BD /* TabBarScreenTests.swift */,
			);
			path = TabBar;
			sourceTree = "<group>";
		};
		6B9948D3272F1151005EB0BD /* Models */ = {
			isa = PBXGroup;
			children = (
				6B9948D4272F1166005EB0BD /* ProductTests.swift */,
				6B9948E1272F1577005EB0BD /* SymbolTests.swift */,
			);
			path = Models;
			sourceTree = "<group>";
		};
		AFF534872701ECBC00EEE4AE = {
			isa = PBXGroup;
			children = (
				AFF534922701ECBC00EEE4AE /* iOSAssignment */,
				AFF534A92701ECBF00EEE4AE /* iOSAssignmentTests */,
				AFF534912701ECBC00EEE4AE /* Products */,
				161752062CEC1AAD4E8B2852 /* Pods */,
				F5E606C7C4388E84171D44FD /* Frameworks */,
			);
			sourceTree = "<group>";
		};
		AFF534912701ECBC00EEE4AE /* Products */ = {
			isa = PBXGroup;
			children = (
				AFF534902701ECBC00EEE4AE /* iOSAssignment.app */,
				AFF534A62701ECBF00EEE4AE /* iOSAssignmentTests.xctest */,
			);
			name = Products;
			sourceTree = "<group>";
		};
		AFF534922701ECBC00EEE4AE /* iOSAssignment */ = {
			isa = PBXGroup;
			children = (
				6B99473E272E5534005EB0BD /* Components */,
				6B67FDA22726EF3E00C95AB3 /* General */,
				AFF534D12702029A00EEE4AE /* Extensions */,
				6B9946F5272DE728005EB0BD /* Database */,
				AFF534C42701EE5E00EEE4AE /* Models */,
				6B2A97352729A25500A5D976 /* Network */,
				6B2A97592729A3E000A5D976 /* Targets */,
				6B2A97232729A02300A5D976 /* Services */,
				AFF534CE2702004F00EEE4AE /* Resources */,
				6B67FD7E2726E74A00C95AB3 /* Modules */,
			);
			path = iOSAssignment;
			sourceTree = "<group>";
		};
		AFF534A92701ECBF00EEE4AE /* iOSAssignmentTests */ = {
			isa = PBXGroup;
			children = (
				6B994760272EC18A005EB0BD /* Helpers */,
				6B9948D3272F1151005EB0BD /* Models */,
				6B9947A6272EC747005EB0BD /* ProductServices */,
				6B99485F272ECD28005EB0BD /* General */,
				6B9947D2272EC972005EB0BD /* Modules */,
			);
			path = iOSAssignmentTests;
			sourceTree = "<group>";
		};
		AFF534C42701EE5E00EEE4AE /* Models */ = {
			isa = PBXGroup;
			children = (
				6B994708272DF242005EB0BD /* Cart */,
				AFF534C52701EE7300EEE4AE /* Product.swift */,
				6B67FD8A2726E8C800C95AB3 /* Products.swift */,
				AFF534C72701F93100EEE4AE /* ProductPriceData.swift */,
				AFF534C92701F98300EEE4AE /* ProductImagesInfo.swift */,
				AFF534D62702088800EEE4AE /* ImageDetail.swift */,
				6B67FD922726EDD300C95AB3 /* ProductUnitPrice.swift */,
				6B67FD962726EDE900C95AB3 /* ProductPrice.swift */,
			);
			path = Models;
			sourceTree = "<group>";
		};
		AFF534CE2702004F00EEE4AE /* Resources */ = {
			isa = PBXGroup;
			children = (
				6B9947AE272EC7BA005EB0BD /* JSonFiles */,
				6B2A970A2729998A00A5D976 /* R.generated.swift */,
				6B67FD852726E88400C95AB3 /* README.md */,
				AFF5349E2701ECBF00EEE4AE /* LaunchScreen.storyboard */,
				AFF5349C2701ECBF00EEE4AE /* Assets.xcassets */,
				6B2A972027299AE400A5D976 /* Localizable.strings */,
			);
			path = Resources;
			sourceTree = "<group>";
		};
		AFF534D12702029A00EEE4AE /* Extensions */ = {
			isa = PBXGroup;
			children = (
				6B2A96BB2728B7CB00A5D976 /* UIViewController+Extension.swift */,
				6B2A96BF2728B83D00A5D976 /* UIView+Extension.swift */,
				6B2A96E927298C0200A5D976 /* UIColor+Extension.swift */,
				6B2A97452729A30100A5D976 /* JSONDecoder+Extension.swift */,
				6B2A97492729A31900A5D976 /* DateFormatter+Extension.swift */,
				6B2A974D2729A36C00A5D976 /* Encodable+Extension.swift */,
				6B40F3E1272A295600204B7F /* Collection+Extension.swift */,
				6B40F3E5272A2D1500204B7F /* UIFont+Extension.swift */,
				6B2DEDB0272B7A21008664FC /* UITableView+Extension.swift */,
				6B2DEDB4272B7A6D008664FC /* NSObject+Extension.swift */,
				6B2DEDBE272B828B008664FC /* ImageView+Extension.swift */,
				6B9946C5272DC2EC005EB0BD /* NumberFormatter+Extension.swift */,
				6B9946CF272DC3B7005EB0BD /* Int+Extension.swift */,
				6B994704272DE7DB005EB0BD /* JSONEncoder+Extension.swift */,
				6B99472E272E3EDE005EB0BD /* String+Extension.swift */,
			);
			path = Extensions;
			sourceTree = "<group>";
		};
		F5E606C7C4388E84171D44FD /* Frameworks */ = {
			isa = PBXGroup;
			children = (
				705FF3603BDDF44E8E68ED2B /* Pods_iOSAssignment.framework */,
				3365EEA57E60332245B2B84D /* Pods_iOSAssignmentTests.framework */,
			);
			name = Frameworks;
			sourceTree = "<group>";
		};
/* End PBXGroup section */

/* Begin PBXNativeTarget section */
		AFF5348F2701ECBC00EEE4AE /* iOSAssignment */ = {
			isa = PBXNativeTarget;
			buildConfigurationList = AFF534BA2701ECBF00EEE4AE /* Build configuration list for PBXNativeTarget "iOSAssignment" */;
			buildPhases = (
				34330007969B8A01E944848B /* [CP] Check Pods Manifest.lock */,
				6B2A96F72729972B00A5D976 /* R.swift */,
				AFF5348C2701ECBC00EEE4AE /* Sources */,
				AFF5348D2701ECBC00EEE4AE /* Frameworks */,
				AFF5348E2701ECBC00EEE4AE /* Resources */,
				CE6989284149FD49DD835D51 /* [CP] Embed Pods Frameworks */,
			);
			buildRules = (
			);
			dependencies = (
			);
			name = iOSAssignment;
			productName = iOSAssignment;
			productReference = AFF534902701ECBC00EEE4AE /* iOSAssignment.app */;
			productType = "com.apple.product-type.application";
		};
		AFF534A52701ECBF00EEE4AE /* iOSAssignmentTests */ = {
			isa = PBXNativeTarget;
			buildConfigurationList = AFF534BD2701ECBF00EEE4AE /* Build configuration list for PBXNativeTarget "iOSAssignmentTests" */;
			buildPhases = (
				57D99BE107872DA885408AFA /* [CP] Check Pods Manifest.lock */,
				AFF534A22701ECBF00EEE4AE /* Sources */,
				AFF534A32701ECBF00EEE4AE /* Frameworks */,
				AFF534A42701ECBF00EEE4AE /* Resources */,
				11051C1AD02AA137D53BACE5 /* [CP] Embed Pods Frameworks */,
			);
			buildRules = (
			);
			dependencies = (
				AFF534A82701ECBF00EEE4AE /* PBXTargetDependency */,
			);
			name = iOSAssignmentTests;
			productName = iOSAssignmentTests;
			productReference = AFF534A62701ECBF00EEE4AE /* iOSAssignmentTests.xctest */;
			productType = "com.apple.product-type.bundle.unit-test";
		};
/* End PBXNativeTarget section */

/* Begin PBXProject section */
		AFF534882701ECBC00EEE4AE /* Project object */ = {
			isa = PBXProject;
			attributes = {
				BuildIndependentTargetsInParallel = 1;
				LastSwiftUpdateCheck = 1300;
				LastUpgradeCheck = 1300;
				TargetAttributes = {
					AFF5348F2701ECBC00EEE4AE = {
						CreatedOnToolsVersion = 13.0;
					};
					AFF534A52701ECBF00EEE4AE = {
						CreatedOnToolsVersion = 13.0;
						TestTargetID = AFF5348F2701ECBC00EEE4AE;
					};
				};
			};
			buildConfigurationList = AFF5348B2701ECBC00EEE4AE /* Build configuration list for PBXProject "iOSAssignment" */;
			compatibilityVersion = "Xcode 12.0";
			developmentRegion = en;
			hasScannedForEncodings = 0;
			knownRegions = (
				en,
				Base,
			);
			mainGroup = AFF534872701ECBC00EEE4AE;
			productRefGroup = AFF534912701ECBC00EEE4AE /* Products */;
			projectDirPath = "";
			projectRoot = "";
			targets = (
				AFF5348F2701ECBC00EEE4AE /* iOSAssignment */,
				AFF534A52701ECBF00EEE4AE /* iOSAssignmentTests */,
			);
		};
/* End PBXProject section */

/* Begin PBXResourcesBuildPhase section */
		AFF5348E2701ECBC00EEE4AE /* Resources */ = {
			isa = PBXResourcesBuildPhase;
			buildActionMask = 2147483647;
			files = (
				6B2A971E27299AE400A5D976 /* Localizable.strings in Resources */,
				AFF534A02701ECBF00EEE4AE /* LaunchScreen.storyboard in Resources */,
				AFF534D02702007000EEE4AE /* productsResult.json in Resources */,
				6B67FD862726E88400C95AB3 /* README.md in Resources */,
				6B2A975C2729A41800A5D976 /* Config.plist in Resources */,
				AFF5349D2701ECBF00EEE4AE /* Assets.xcassets in Resources */,
				6B9947C0272EC87B005EB0BD /* productsResultError.json in Resources */,
			);
			runOnlyForDeploymentPostprocessing = 0;
		};
		AFF534A42701ECBF00EEE4AE /* Resources */ = {
			isa = PBXResourcesBuildPhase;
			buildActionMask = 2147483647;
			files = (
				6B9947B6272EC805005EB0BD /* productsResult.json in Resources */,
				6B9947C1272EC87B005EB0BD /* productsResultError.json in Resources */,
			);
			runOnlyForDeploymentPostprocessing = 0;
		};
/* End PBXResourcesBuildPhase section */

/* Begin PBXShellScriptBuildPhase section */
		11051C1AD02AA137D53BACE5 /* [CP] Embed Pods Frameworks */ = {
			isa = PBXShellScriptBuildPhase;
			buildActionMask = 2147483647;
			files = (
			);
			inputFileListPaths = (
				"${PODS_ROOT}/Target Support Files/Pods-iOSAssignmentTests/Pods-iOSAssignmentTests-frameworks-${CONFIGURATION}-input-files.xcfilelist",
			);
			name = "[CP] Embed Pods Frameworks";
			outputFileListPaths = (
				"${PODS_ROOT}/Target Support Files/Pods-iOSAssignmentTests/Pods-iOSAssignmentTests-frameworks-${CONFIGURATION}-output-files.xcfilelist",
			);
			runOnlyForDeploymentPostprocessing = 0;
			shellPath = /bin/sh;
			shellScript = "\"${PODS_ROOT}/Target Support Files/Pods-iOSAssignmentTests/Pods-iOSAssignmentTests-frameworks.sh\"\n";
			showEnvVarsInLog = 0;
		};
		34330007969B8A01E944848B /* [CP] Check Pods Manifest.lock */ = {
			isa = PBXShellScriptBuildPhase;
			buildActionMask = 2147483647;
			files = (
			);
			inputFileListPaths = (
			);
			inputPaths = (
				"${PODS_PODFILE_DIR_PATH}/Podfile.lock",
				"${PODS_ROOT}/Manifest.lock",
			);
			name = "[CP] Check Pods Manifest.lock";
			outputFileListPaths = (
			);
			outputPaths = (
				"$(DERIVED_FILE_DIR)/Pods-iOSAssignment-checkManifestLockResult.txt",
			);
			runOnlyForDeploymentPostprocessing = 0;
			shellPath = /bin/sh;
			shellScript = "diff \"${PODS_PODFILE_DIR_PATH}/Podfile.lock\" \"${PODS_ROOT}/Manifest.lock\" > /dev/null\nif [ $? != 0 ] ; then\n    # print error to STDERR\n    echo \"error: The sandbox is not in sync with the Podfile.lock. Run 'pod install' or update your CocoaPods installation.\" >&2\n    exit 1\nfi\n# This output is used by Xcode 'outputs' to avoid re-running this script phase.\necho \"SUCCESS\" > \"${SCRIPT_OUTPUT_FILE_0}\"\n";
			showEnvVarsInLog = 0;
		};
		57D99BE107872DA885408AFA /* [CP] Check Pods Manifest.lock */ = {
			isa = PBXShellScriptBuildPhase;
			buildActionMask = 2147483647;
			files = (
			);
			inputFileListPaths = (
			);
			inputPaths = (
				"${PODS_PODFILE_DIR_PATH}/Podfile.lock",
				"${PODS_ROOT}/Manifest.lock",
			);
			name = "[CP] Check Pods Manifest.lock";
			outputFileListPaths = (
			);
			outputPaths = (
				"$(DERIVED_FILE_DIR)/Pods-iOSAssignmentTests-checkManifestLockResult.txt",
			);
			runOnlyForDeploymentPostprocessing = 0;
			shellPath = /bin/sh;
			shellScript = "diff \"${PODS_PODFILE_DIR_PATH}/Podfile.lock\" \"${PODS_ROOT}/Manifest.lock\" > /dev/null\nif [ $? != 0 ] ; then\n    # print error to STDERR\n    echo \"error: The sandbox is not in sync with the Podfile.lock. Run 'pod install' or update your CocoaPods installation.\" >&2\n    exit 1\nfi\n# This output is used by Xcode 'outputs' to avoid re-running this script phase.\necho \"SUCCESS\" > \"${SCRIPT_OUTPUT_FILE_0}\"\n";
			showEnvVarsInLog = 0;
		};
		6B2A96F72729972B00A5D976 /* R.swift */ = {
			isa = PBXShellScriptBuildPhase;
			buildActionMask = 2147483647;
			files = (
			);
			inputFileListPaths = (
			);
			inputPaths = (
				"$TEMP_DIR/rswift-lastrun",
			);
			name = R.swift;
			outputFileListPaths = (
			);
			outputPaths = (
				$SRCROOT/R.generated.swift,
			);
			runOnlyForDeploymentPostprocessing = 0;
			shellPath = /bin/sh;
			shellScript = "if [ $ACTION != \"indexbuild\" ]; then\n  \"$PODS_ROOT/R.swift/rswift\" generate \"$SRCROOT/R.generated.swift\"\nfi\n";
		};
		CE6989284149FD49DD835D51 /* [CP] Embed Pods Frameworks */ = {
			isa = PBXShellScriptBuildPhase;
			buildActionMask = 2147483647;
			files = (
			);
			inputFileListPaths = (
				"${PODS_ROOT}/Target Support Files/Pods-iOSAssignment/Pods-iOSAssignment-frameworks-${CONFIGURATION}-input-files.xcfilelist",
			);
			name = "[CP] Embed Pods Frameworks";
			outputFileListPaths = (
				"${PODS_ROOT}/Target Support Files/Pods-iOSAssignment/Pods-iOSAssignment-frameworks-${CONFIGURATION}-output-files.xcfilelist",
			);
			runOnlyForDeploymentPostprocessing = 0;
			shellPath = /bin/sh;
			shellScript = "\"${PODS_ROOT}/Target Support Files/Pods-iOSAssignment/Pods-iOSAssignment-frameworks.sh\"\n";
			showEnvVarsInLog = 0;
		};
/* End PBXShellScriptBuildPhase section */

/* Begin PBXSourcesBuildPhase section */
		AFF5348C2701ECBC00EEE4AE /* Sources */ = {
			isa = PBXSourcesBuildPhase;
			buildActionMask = 2147483647;
			files = (
				6B994701272DE767005EB0BD /* DatabaseManager.swift in Sources */,
				6B40F3D6272A27B100204B7F /* Dynamic.swift in Sources */,
				6B67FDA42726EF4800C95AB3 /* Coordinator.swift in Sources */,
				6B2A97262729A08900A5D976 /* ProductServices.swift in Sources */,
				6B40F412272A934600204B7F /* SearchContent.swift in Sources */,
				6B2A972E2729A11300A5D976 /* ErrorRequest.swift in Sources */,
				6B994705272DE7DB005EB0BD /* JSONEncoder+Extension.swift in Sources */,
				6B994710272E1BA7005EB0BD /* CartProduct.swift in Sources */,
				6B99472F272E3EDE005EB0BD /* String+Extension.swift in Sources */,
				6B2A972A2729A0FE00A5D976 /* Response.swift in Sources */,
				6B9946CC272DC387005EB0BD /* Symbol.swift in Sources */,
				6B2A96EA27298C0200A5D976 /* UIColor+Extension.swift in Sources */,
				6B2A96AE2728B6F700A5D976 /* SplashScreenViewController.swift in Sources */,
				6B2A97522729A3A300A5D976 /* HTTPMethodType.swift in Sources */,
				6B2A96D82729795700A5D976 /* SearchCoordinator.swift in Sources */,
				6B2A973E2729A29400A5D976 /* Requestable.swift in Sources */,
				6B2DEDB9272B7B05008664FC /* ProductCell.swift in Sources */,
				6B2A97422729A2C100A5D976 /* NetworkManager.swift in Sources */,
				6B2A96C92728BE2C00A5D976 /* TabBarViewController.swift in Sources */,
				6B40F3F1272A306900204B7F /* JSONResponse.swift in Sources */,
				6B2A97662729A50500A5D976 /* ProductResources.swift in Sources */,
				6B9946D0272DC3B7005EB0BD /* Int+Extension.swift in Sources */,
				6B99479B272EC509005EB0BD /* ProductResourcesTestable.swift in Sources */,
				AFF534942701ECBC00EEE4AE /* AppDelegate.swift in Sources */,
				6B9946E2272DD619005EB0BD /* HomeViewController.swift in Sources */,
				6B67FD932726EDD300C95AB3 /* ProductUnitPrice.swift in Sources */,
				6B2A974A2729A31900A5D976 /* DateFormatter+Extension.swift in Sources */,
				6B9946C2272DBE6E005EB0BD /* Formater.swift in Sources */,
				6B67FD972726EDE900C95AB3 /* ProductPrice.swift in Sources */,
				6B2A96BC2728B7CB00A5D976 /* UIViewController+Extension.swift in Sources */,
				6B2DEDB5272B7A6D008664FC /* NSObject+Extension.swift in Sources */,
				6B2A97322729A1B600A5D976 /* HTTPStatusCode.swift in Sources */,
				6B67FD9F2726EF1300C95AB3 /* AppCoordinator.swift in Sources */,
				AFF534C62701EE7300EEE4AE /* Product.swift in Sources */,
				AFF534962701ECBC00EEE4AE /* SceneDelegate.swift in Sources */,
				6B994744272E56F2005EB0BD /* CartCoordinator.swift in Sources */,
				6B40F3EE272A304500204B7F /* FileDecoder.swift in Sources */,
				6B2A974E2729A36C00A5D976 /* Encodable+Extension.swift in Sources */,
				6B40F3DE272A283400204B7F /* MessageCategory.swift in Sources */,
				6B2A96D02729793B00A5D976 /* SearchViewController.swift in Sources */,
				6B994750272E5720005EB0BD /* CartViewModel.swift in Sources */,
				6B2A970B2729998A00A5D976 /* R.generated.swift in Sources */,
				6B99470A272DF24E005EB0BD /* Cart.swift in Sources */,
				6B2DEDC3272B8311008664FC /* ProductCellContent.swift in Sources */,
				AFF534CA2701F98300EEE4AE /* ProductImagesInfo.swift in Sources */,
				6B2A96D42729794C00A5D976 /* SearchViewModel.swift in Sources */,
				6B2A96E4272989B400A5D976 /* TabBarPosition.swift in Sources */,
				6B2DEDBF272B828B008664FC /* ImageView+Extension.swift in Sources */,
				6B67FD8B2726E8C800C95AB3 /* Products.swift in Sources */,
				AFF534C82701F93100EEE4AE /* ProductPriceData.swift in Sources */,
				6B9946F2272DE585005EB0BD /* CartManager.swift in Sources */,
				6B994888272ED7B3005EB0BD /* TabBarViewModel.swift in Sources */,
				6B40F3E6272A2D1500204B7F /* UIFont+Extension.swift in Sources */,
				6B9946E6272DD624005EB0BD /* HomeViewModel.swift in Sources */,
				6B9946FD272DE74F005EB0BD /* ObjectRepresentable.swift in Sources */,
				6B99474C272E5717005EB0BD /* CartViewController.swift in Sources */,
				6B99475A272EC126005EB0BD /* AFMock.swift in Sources */,
				6B9946EA272DD787005EB0BD /* HomeContent.swift in Sources */,
				6B994739272E516F005EB0BD /* ListProductsComponent.swift in Sources */,
				6B40F3E2272A295600204B7F /* Collection+Extension.swift in Sources */,
				6B2A96C02728B83D00A5D976 /* UIView+Extension.swift in Sources */,
				6B2A97462729A30100A5D976 /* JSONDecoder+Extension.swift in Sources */,
				6B2A97562729A3C400A5D976 /* Config.swift in Sources */,
				6B2A96DC27297BFD00A5D976 /* TabBarCoordinator.swift in Sources */,
				6B40F3DA272A281E00204B7F /* MessageData.swift in Sources */,
				6B67FDA92726EF8100C95AB3 /* InitialFlow.swift in Sources */,
				6B2DEDAB272B6D5D008664FC /* ProductCellViewModel.swift in Sources */,
				AFF534D72702088800EEE4AE /* ImageDetail.swift in Sources */,
				6B9947A8272EC77A005EB0BD /* ProductServiceResponseError.swift in Sources */,
				6B994748272E5704005EB0BD /* CartContent.swift in Sources */,
				6B2A96B42728B71B00A5D976 /* SplashScreenViewModel.swift in Sources */,
				6B2A96B82728B73200A5D976 /* SplashScreenCoordinator.swift in Sources */,
				6B2DEDB1272B7A21008664FC /* UITableView+Extension.swift in Sources */,
				6B9946C6272DC2EC005EB0BD /* NumberFormatter+Extension.swift in Sources */,
				6B9946F7272DE739005EB0BD /* DatabaseProtocol.swift in Sources */,
				6B9946DC272DD610005EB0BD /* HomeCoordinator.swift in Sources */,
			);
			runOnlyForDeploymentPostprocessing = 0;
		};
		AFF534A22701ECBF00EEE4AE /* Sources */ = {
			isa = PBXSourcesBuildPhase;
			buildActionMask = 2147483647;
			files = (
				6B994791272EC3CD005EB0BD /* JSONDecoder+Extension.swift in Sources */,
				6B40F3FC272A315D00204B7F /* ProductPriceData.swift in Sources */,
				6B99481E272ECA2B005EB0BD /* FileDecoder.swift in Sources */,
				6B40F3F6272A315600204B7F /* Products.swift in Sources */,
				6B994823272ECA2B005EB0BD /* CartManager.swift in Sources */,
				6B9947F1272EC9EA005EB0BD /* HomeViewController.swift in Sources */,
				6B9947F7272EC9EF005EB0BD /* SearchViewModel.swift in Sources */,
				6B994779272EC36D005EB0BD /* NetworkManager.swift in Sources */,
				6B994824272ECA2B005EB0BD /* Coordinator.swift in Sources */,
				6B9947E5272EC9DA005EB0BD /* TabBarViewController.swift in Sources */,
				6B9947E8272EC9DD005EB0BD /* TabBarCoordinator.swift in Sources */,
				6B994876272ECF8E005EB0BD /* SplashScreenFlowTests.swift in Sources */,
				6B994856272ECB42005EB0BD /* ProductCell.swift in Sources */,
				6B40F3F9272A315A00204B7F /* Product.swift in Sources */,
				6B9948B6272EFD45005EB0BD /* CartScreenTests.swift in Sources */,
				6B9947F9272EC9EF005EB0BD /* SearchViewController.swift in Sources */,
				6B9948E2272F1577005EB0BD /* SymbolTests.swift in Sources */,
				6B994899272EE8DC005EB0BD /* SearchScreenTests.swift in Sources */,
				6B99484E272ECB1F005EB0BD /* Collection+Extension.swift in Sources */,
				6B994820272ECA2B005EB0BD /* Dynamic.swift in Sources */,
				6B9948E8272F2318005EB0BD /* ProductCellViewModelTests.swift in Sources */,
				6B994843272ECAFA005EB0BD /* UIFont+Extension.swift in Sources */,
				6B994889272ED7B3005EB0BD /* TabBarViewModel.swift in Sources */,
				6B9947E2272EC9D5005EB0BD /* AppCoordinator.swift in Sources */,
				6B99480B272ECA26005EB0BD /* Symbol.swift in Sources */,
				6B994834272ECAB9005EB0BD /* ProductCellViewModel.swift in Sources */,
				6B9947ED272EC9E4005EB0BD /* SplashScreenViewController.swift in Sources */,
				6B994840272ECAE8005EB0BD /* UIViewController+Extension.swift in Sources */,
				6B9947FE272EC9F7005EB0BD /* CartViewController.swift in Sources */,
				6B994862272ECD31005EB0BD /* GeneralTests.swift in Sources */,
				6B99480E272ECA26005EB0BD /* HTTPStatusCode.swift in Sources */,
				6B40F408272A316700204B7F /* ProductPrice.swift in Sources */,
				6B9947F8272EC9EF005EB0BD /* SearchContent.swift in Sources */,
				6B99478E272EC3BD005EB0BD /* R.generated.swift in Sources */,
				6B99485C272ECB5C005EB0BD /* ProductCellContent.swift in Sources */,
				6B994837272ECACD005EB0BD /* NumberFormatter+Extension.swift in Sources */,
				6B40F405272A316500204B7F /* ProductUnitPrice.swift in Sources */,
				6B99480F272ECA26005EB0BD /* Response.swift in Sources */,
				6B40F3FF272A316000204B7F /* ProductImagesInfo.swift in Sources */,
				6B40F402272A316200204B7F /* ImageDetail.swift in Sources */,
				6B994822272ECA2B005EB0BD /* Formater.swift in Sources */,
				6B99481F272ECA2B005EB0BD /* ObjectRepresentable.swift in Sources */,
				6B9947DC272EC9CE005EB0BD /* AppDelegate.swift in Sources */,
				6B994797272EC3DA005EB0BD /* Encodable+Extension.swift in Sources */,
				6B9948BF272F05F7005EB0BD /* ProductServicesTest.swift in Sources */,
				6B99477C272EC374005EB0BD /* Requestable.swift in Sources */,
				6B994831272ECAAB005EB0BD /* CartProduct.swift in Sources */,
				6B99484D272ECB1F005EB0BD /* UITableView+Extension.swift in Sources */,
				6B9947F0272EC9EA005EB0BD /* HomeContent.swift in Sources */,
				6B99480C272ECA26005EB0BD /* MessageCategory.swift in Sources */,
				6B994794272EC3D1005EB0BD /* DateFormatter+Extension.swift in Sources */,
				6B994846272ECB0C005EB0BD /* DatabaseProtocol.swift in Sources */,
				6B9947F2272EC9EA005EB0BD /* HomeViewModel.swift in Sources */,
				6B994811272ECA26005EB0BD /* InitialFlow.swift in Sources */,
				6B99483D272ECADB005EB0BD /* UIColor+Extension.swift in Sources */,
				6B9948D5272F1166005EB0BD /* ProductTests.swift in Sources */,
				6B99484B272ECB1F005EB0BD /* JSONEncoder+Extension.swift in Sources */,
				6B99483A272ECAD5005EB0BD /* UIView+Extension.swift in Sources */,
				6B99486D272ECEB3005EB0BD /* UITableViewTests.swift in Sources */,
				6B994825272ECA2B005EB0BD /* Config.swift in Sources */,
				6B9948BB272F0251005EB0BD /* ProductResources.swift in Sources */,
				6B9947A9272EC77A005EB0BD /* ProductServiceResponseError.swift in Sources */,
				6B994892272EE5DB005EB0BD /* HomeScreenTests.swift in Sources */,
				6B9947FF272EC9F7005EB0BD /* CartViewModel.swift in Sources */,
				6B99480D272ECA26005EB0BD /* TabBarPosition.swift in Sources */,
				6B9947DF272EC9D1005EB0BD /* SceneDelegate.swift in Sources */,
				6B9948CB272F0EEF005EB0BD /* TabBarScreenTests.swift in Sources */,
				6B9947F3272EC9EA005EB0BD /* HomeCoordinator.swift in Sources */,
				6B9947D5272EC99C005EB0BD /* AppCoordinatorTests.swift in Sources */,
				6B994853272ECB33005EB0BD /* DatabaseManager.swift in Sources */,
				6B994850272ECB1F005EB0BD /* Int+Extension.swift in Sources */,
				6B9948B1272EF8A9005EB0BD /* UserDefaultsMock.swift in Sources */,
				6B994859272ECB4E005EB0BD /* Cart.swift in Sources */,
				6B9947FD272EC9F7005EB0BD /* CartCoordinator.swift in Sources */,
				6B99482B272ECA9C005EB0BD /* ProductServices.swift in Sources */,
				6B99484F272ECB1F005EB0BD /* ImageView+Extension.swift in Sources */,
				6B9947FC272EC9F7005EB0BD /* CartContent.swift in Sources */,
				6B9947F6272EC9EF005EB0BD /* SearchCoordinator.swift in Sources */,
				6B99484C272ECB1F005EB0BD /* String+Extension.swift in Sources */,
				6B994810272ECA26005EB0BD /* HTTPMethodType.swift in Sources */,
				6B99479C272EC509005EB0BD /* ProductResourcesTestable.swift in Sources */,
				6B99475B272EC126005EB0BD /* AFMock.swift in Sources */,
				6B994849272ECB1F005EB0BD /* NSObject+Extension.swift in Sources */,
				6B994826272ECA2B005EB0BD /* MessageData.swift in Sources */,
				6B9947EC272EC9E4005EB0BD /* SplashScreenCoordinator.swift in Sources */,
				6B994821272ECA2B005EB0BD /* JSONResponse.swift in Sources */,
				6B99482E272ECAA6005EB0BD /* ListProductsComponent.swift in Sources */,
				6B99480A272ECA26005EB0BD /* ErrorRequest.swift in Sources */,
				6B9947EB272EC9E4005EB0BD /* SplashScreenViewModel.swift in Sources */,
			);
			runOnlyForDeploymentPostprocessing = 0;
		};
/* End PBXSourcesBuildPhase section */

/* Begin PBXTargetDependency section */
		AFF534A82701ECBF00EEE4AE /* PBXTargetDependency */ = {
			isa = PBXTargetDependency;
			target = AFF5348F2701ECBC00EEE4AE /* iOSAssignment */;
			targetProxy = AFF534A72701ECBF00EEE4AE /* PBXContainerItemProxy */;
		};
/* End PBXTargetDependency section */

/* Begin PBXVariantGroup section */
		6B2A972027299AE400A5D976 /* Localizable.strings */ = {
			isa = PBXVariantGroup;
			children = (
				6B2A971F27299AE400A5D976 /* en */,
			);
			name = Localizable.strings;
			sourceTree = "<group>";
		};
		AFF5349E2701ECBF00EEE4AE /* LaunchScreen.storyboard */ = {
			isa = PBXVariantGroup;
			children = (
				AFF5349F2701ECBF00EEE4AE /* Base */,
			);
			name = LaunchScreen.storyboard;
			sourceTree = "<group>";
		};
/* End PBXVariantGroup section */

/* Begin XCBuildConfiguration section */
		AFF534B82701ECBF00EEE4AE /* Debug */ = {
			isa = XCBuildConfiguration;
			buildSettings = {
				ALWAYS_SEARCH_USER_PATHS = NO;
				CLANG_ANALYZER_NONNULL = YES;
				CLANG_ANALYZER_NUMBER_OBJECT_CONVERSION = YES_AGGRESSIVE;
				CLANG_CXX_LANGUAGE_STANDARD = "gnu++17";
				CLANG_CXX_LIBRARY = "libc++";
				CLANG_ENABLE_MODULES = YES;
				CLANG_ENABLE_OBJC_ARC = YES;
				CLANG_ENABLE_OBJC_WEAK = YES;
				CLANG_WARN_BLOCK_CAPTURE_AUTORELEASING = YES;
				CLANG_WARN_BOOL_CONVERSION = YES;
				CLANG_WARN_COMMA = YES;
				CLANG_WARN_CONSTANT_CONVERSION = YES;
				CLANG_WARN_DEPRECATED_OBJC_IMPLEMENTATIONS = YES;
				CLANG_WARN_DIRECT_OBJC_ISA_USAGE = YES_ERROR;
				CLANG_WARN_DOCUMENTATION_COMMENTS = YES;
				CLANG_WARN_EMPTY_BODY = YES;
				CLANG_WARN_ENUM_CONVERSION = YES;
				CLANG_WARN_INFINITE_RECURSION = YES;
				CLANG_WARN_INT_CONVERSION = YES;
				CLANG_WARN_NON_LITERAL_NULL_CONVERSION = YES;
				CLANG_WARN_OBJC_IMPLICIT_RETAIN_SELF = YES;
				CLANG_WARN_OBJC_LITERAL_CONVERSION = YES;
				CLANG_WARN_OBJC_ROOT_CLASS = YES_ERROR;
				CLANG_WARN_QUOTED_INCLUDE_IN_FRAMEWORK_HEADER = YES;
				CLANG_WARN_RANGE_LOOP_ANALYSIS = YES;
				CLANG_WARN_STRICT_PROTOTYPES = YES;
				CLANG_WARN_SUSPICIOUS_MOVE = YES;
				CLANG_WARN_UNGUARDED_AVAILABILITY = YES_AGGRESSIVE;
				CLANG_WARN_UNREACHABLE_CODE = YES;
				CLANG_WARN__DUPLICATE_METHOD_MATCH = YES;
				COPY_PHASE_STRIP = NO;
				DEBUG_INFORMATION_FORMAT = dwarf;
				ENABLE_STRICT_OBJC_MSGSEND = YES;
				ENABLE_TESTABILITY = YES;
				GCC_C_LANGUAGE_STANDARD = gnu11;
				GCC_DYNAMIC_NO_PIC = NO;
				GCC_NO_COMMON_BLOCKS = YES;
				GCC_OPTIMIZATION_LEVEL = 0;
				GCC_PREPROCESSOR_DEFINITIONS = (
					"DEBUG=1",
					"$(inherited)",
				);
				GCC_WARN_64_TO_32_BIT_CONVERSION = YES;
				GCC_WARN_ABOUT_RETURN_TYPE = YES_ERROR;
				GCC_WARN_UNDECLARED_SELECTOR = YES;
				GCC_WARN_UNINITIALIZED_AUTOS = YES_AGGRESSIVE;
				GCC_WARN_UNUSED_FUNCTION = YES;
				GCC_WARN_UNUSED_VARIABLE = YES;
				IPHONEOS_DEPLOYMENT_TARGET = 13.0;
				MTL_ENABLE_DEBUG_INFO = INCLUDE_SOURCE;
				MTL_FAST_MATH = YES;
				ONLY_ACTIVE_ARCH = YES;
				SDKROOT = iphoneos;
				SWIFT_ACTIVE_COMPILATION_CONDITIONS = DEBUG;
				SWIFT_OPTIMIZATION_LEVEL = "-Onone";
			};
			name = Debug;
		};
		AFF534B92701ECBF00EEE4AE /* Release */ = {
			isa = XCBuildConfiguration;
			buildSettings = {
				ALWAYS_SEARCH_USER_PATHS = NO;
				CLANG_ANALYZER_NONNULL = YES;
				CLANG_ANALYZER_NUMBER_OBJECT_CONVERSION = YES_AGGRESSIVE;
				CLANG_CXX_LANGUAGE_STANDARD = "gnu++17";
				CLANG_CXX_LIBRARY = "libc++";
				CLANG_ENABLE_MODULES = YES;
				CLANG_ENABLE_OBJC_ARC = YES;
				CLANG_ENABLE_OBJC_WEAK = YES;
				CLANG_WARN_BLOCK_CAPTURE_AUTORELEASING = YES;
				CLANG_WARN_BOOL_CONVERSION = YES;
				CLANG_WARN_COMMA = YES;
				CLANG_WARN_CONSTANT_CONVERSION = YES;
				CLANG_WARN_DEPRECATED_OBJC_IMPLEMENTATIONS = YES;
				CLANG_WARN_DIRECT_OBJC_ISA_USAGE = YES_ERROR;
				CLANG_WARN_DOCUMENTATION_COMMENTS = YES;
				CLANG_WARN_EMPTY_BODY = YES;
				CLANG_WARN_ENUM_CONVERSION = YES;
				CLANG_WARN_INFINITE_RECURSION = YES;
				CLANG_WARN_INT_CONVERSION = YES;
				CLANG_WARN_NON_LITERAL_NULL_CONVERSION = YES;
				CLANG_WARN_OBJC_IMPLICIT_RETAIN_SELF = YES;
				CLANG_WARN_OBJC_LITERAL_CONVERSION = YES;
				CLANG_WARN_OBJC_ROOT_CLASS = YES_ERROR;
				CLANG_WARN_QUOTED_INCLUDE_IN_FRAMEWORK_HEADER = YES;
				CLANG_WARN_RANGE_LOOP_ANALYSIS = YES;
				CLANG_WARN_STRICT_PROTOTYPES = YES;
				CLANG_WARN_SUSPICIOUS_MOVE = YES;
				CLANG_WARN_UNGUARDED_AVAILABILITY = YES_AGGRESSIVE;
				CLANG_WARN_UNREACHABLE_CODE = YES;
				CLANG_WARN__DUPLICATE_METHOD_MATCH = YES;
				COPY_PHASE_STRIP = NO;
				DEBUG_INFORMATION_FORMAT = "dwarf-with-dsym";
				ENABLE_NS_ASSERTIONS = NO;
				ENABLE_STRICT_OBJC_MSGSEND = YES;
				GCC_C_LANGUAGE_STANDARD = gnu11;
				GCC_NO_COMMON_BLOCKS = YES;
				GCC_WARN_64_TO_32_BIT_CONVERSION = YES;
				GCC_WARN_ABOUT_RETURN_TYPE = YES_ERROR;
				GCC_WARN_UNDECLARED_SELECTOR = YES;
				GCC_WARN_UNINITIALIZED_AUTOS = YES_AGGRESSIVE;
				GCC_WARN_UNUSED_FUNCTION = YES;
				GCC_WARN_UNUSED_VARIABLE = YES;
				IPHONEOS_DEPLOYMENT_TARGET = 13.0;
				MTL_ENABLE_DEBUG_INFO = NO;
				MTL_FAST_MATH = YES;
				SDKROOT = iphoneos;
				SWIFT_COMPILATION_MODE = wholemodule;
				SWIFT_OPTIMIZATION_LEVEL = "-O";
				VALIDATE_PRODUCT = YES;
			};
			name = Release;
		};
		AFF534BB2701ECBF00EEE4AE /* Debug */ = {
			isa = XCBuildConfiguration;
			baseConfigurationReference = CE80D123F947EE63A42C55BC /* Pods-iOSAssignment.debug.xcconfig */;
			buildSettings = {
				ASSETCATALOG_COMPILER_APPICON_NAME = AppIcon;
				ASSETCATALOG_COMPILER_GLOBAL_ACCENT_COLOR_NAME = AccentColor;
				CODE_SIGN_STYLE = Automatic;
				CURRENT_PROJECT_VERSION = 1;
				GENERATE_INFOPLIST_FILE = YES;
				INFOPLIST_FILE = iOSAssignment/Targets/Production/Info.plist;
				INFOPLIST_KEY_UIApplicationSupportsIndirectInputEvents = YES;
				INFOPLIST_KEY_UILaunchStoryboardName = LaunchScreen;
				INFOPLIST_KEY_UIMainStoryboardFile = Main;
				INFOPLIST_KEY_UISupportedInterfaceOrientations_iPad = "UIInterfaceOrientationPortrait UIInterfaceOrientationPortraitUpsideDown UIInterfaceOrientationLandscapeLeft UIInterfaceOrientationLandscapeRight";
				INFOPLIST_KEY_UISupportedInterfaceOrientations_iPhone = "UIInterfaceOrientationPortrait UIInterfaceOrientationLandscapeLeft UIInterfaceOrientationLandscapeRight";
				LD_RUNPATH_SEARCH_PATHS = (
					"$(inherited)",
					"@executable_path/Frameworks",
				);
				MARKETING_VERSION = 1.0.0;
				PRODUCT_BUNDLE_IDENTIFIER = test.iOSAssignment;
				PRODUCT_NAME = "$(TARGET_NAME)";
				SWIFT_EMIT_LOC_STRINGS = YES;
				SWIFT_VERSION = 5.0;
				TARGETED_DEVICE_FAMILY = "1,2";
			};
			name = Debug;
		};
		AFF534BC2701ECBF00EEE4AE /* Release */ = {
			isa = XCBuildConfiguration;
			baseConfigurationReference = 413CCD7C3842D9D3676CF415 /* Pods-iOSAssignment.release.xcconfig */;
			buildSettings = {
				ASSETCATALOG_COMPILER_APPICON_NAME = AppIcon;
				ASSETCATALOG_COMPILER_GLOBAL_ACCENT_COLOR_NAME = AccentColor;
				CODE_SIGN_STYLE = Automatic;
				CURRENT_PROJECT_VERSION = 1;
				GENERATE_INFOPLIST_FILE = YES;
				INFOPLIST_FILE = iOSAssignment/Targets/Production/Info.plist;
				INFOPLIST_KEY_UIApplicationSupportsIndirectInputEvents = YES;
				INFOPLIST_KEY_UILaunchStoryboardName = LaunchScreen;
				INFOPLIST_KEY_UIMainStoryboardFile = Main;
				INFOPLIST_KEY_UISupportedInterfaceOrientations_iPad = "UIInterfaceOrientationPortrait UIInterfaceOrientationPortraitUpsideDown UIInterfaceOrientationLandscapeLeft UIInterfaceOrientationLandscapeRight";
				INFOPLIST_KEY_UISupportedInterfaceOrientations_iPhone = "UIInterfaceOrientationPortrait UIInterfaceOrientationLandscapeLeft UIInterfaceOrientationLandscapeRight";
				LD_RUNPATH_SEARCH_PATHS = (
					"$(inherited)",
					"@executable_path/Frameworks",
				);
				MARKETING_VERSION = 1.0.0;
				PRODUCT_BUNDLE_IDENTIFIER = test.iOSAssignment;
				PRODUCT_NAME = "$(TARGET_NAME)";
				SWIFT_EMIT_LOC_STRINGS = YES;
				SWIFT_VERSION = 5.0;
				TARGETED_DEVICE_FAMILY = "1,2";
			};
			name = Release;
		};
		AFF534BE2701ECBF00EEE4AE /* Debug */ = {
			isa = XCBuildConfiguration;
			baseConfigurationReference = 1A96EE5C21A774821CABAE34 /* Pods-iOSAssignmentTests.debug.xcconfig */;
			buildSettings = {
				ALWAYS_EMBED_SWIFT_STANDARD_LIBRARIES = YES;
				BUNDLE_LOADER = "$(TEST_HOST)";
				CODE_SIGN_STYLE = Automatic;
				CURRENT_PROJECT_VERSION = 1;
				GENERATE_INFOPLIST_FILE = YES;
				INFOPLIST_FILE = iOSAssignmentTests/Helpers/Info.plist;
				IPHONEOS_DEPLOYMENT_TARGET = 13.0;
				LD_RUNPATH_SEARCH_PATHS = (
					"$(inherited)",
					"@executable_path/Frameworks",
					"@loader_path/Frameworks",
				);
				MARKETING_VERSION = 1.0;
				PRODUCT_BUNDLE_IDENTIFIER = test.iOSAssignmentTests;
				PRODUCT_NAME = "$(TARGET_NAME)";
				SWIFT_EMIT_LOC_STRINGS = NO;
				SWIFT_VERSION = 5.0;
				TARGETED_DEVICE_FAMILY = "1,2";
				TEST_HOST = "$(BUILT_PRODUCTS_DIR)/iOSAssignment.app/iOSAssignment";
			};
			name = Debug;
		};
		AFF534BF2701ECBF00EEE4AE /* Release */ = {
			isa = XCBuildConfiguration;
			baseConfigurationReference = 1E91DC7C48315A96D25C234A /* Pods-iOSAssignmentTests.release.xcconfig */;
			buildSettings = {
				ALWAYS_EMBED_SWIFT_STANDARD_LIBRARIES = YES;
				BUNDLE_LOADER = "$(TEST_HOST)";
				CODE_SIGN_STYLE = Automatic;
				CURRENT_PROJECT_VERSION = 1;
				GENERATE_INFOPLIST_FILE = YES;
				INFOPLIST_FILE = iOSAssignmentTests/Helpers/Info.plist;
				IPHONEOS_DEPLOYMENT_TARGET = 13.0;
				LD_RUNPATH_SEARCH_PATHS = (
					"$(inherited)",
					"@executable_path/Frameworks",
					"@loader_path/Frameworks",
				);
				MARKETING_VERSION = 1.0;
				PRODUCT_BUNDLE_IDENTIFIER = test.iOSAssignmentTests;
				PRODUCT_NAME = "$(TARGET_NAME)";
				SWIFT_EMIT_LOC_STRINGS = NO;
				SWIFT_VERSION = 5.0;
				TARGETED_DEVICE_FAMILY = "1,2";
				TEST_HOST = "$(BUILT_PRODUCTS_DIR)/iOSAssignment.app/iOSAssignment";
			};
			name = Release;
		};
/* End XCBuildConfiguration section */

/* Begin XCConfigurationList section */
		AFF5348B2701ECBC00EEE4AE /* Build configuration list for PBXProject "iOSAssignment" */ = {
			isa = XCConfigurationList;
			buildConfigurations = (
				AFF534B82701ECBF00EEE4AE /* Debug */,
				AFF534B92701ECBF00EEE4AE /* Release */,
			);
			defaultConfigurationIsVisible = 0;
			defaultConfigurationName = Release;
		};
		AFF534BA2701ECBF00EEE4AE /* Build configuration list for PBXNativeTarget "iOSAssignment" */ = {
			isa = XCConfigurationList;
			buildConfigurations = (
				AFF534BB2701ECBF00EEE4AE /* Debug */,
				AFF534BC2701ECBF00EEE4AE /* Release */,
			);
			defaultConfigurationIsVisible = 0;
			defaultConfigurationName = Release;
		};
		AFF534BD2701ECBF00EEE4AE /* Build configuration list for PBXNativeTarget "iOSAssignmentTests" */ = {
			isa = XCConfigurationList;
			buildConfigurations = (
				AFF534BE2701ECBF00EEE4AE /* Debug */,
				AFF534BF2701ECBF00EEE4AE /* Release */,
			);
			defaultConfigurationIsVisible = 0;
			defaultConfigurationName = Release;
		};
/* End XCConfigurationList section */
	};
	rootObject = AFF534882701ECBC00EEE4AE /* Project object */;
}
