// !$*UTF8*$!
{
	archiveVersion = 1;
	classes = {
	};
	objectVersion = 54;
	objects = {

/* Begin PBXBuildFile section */
		AA4301CC276E221E00D1DC28 /* UIView.swift in Sources */ = {isa = PBXBuildFile; fileRef = AA4301CB276E221E00D1DC28 /* UIView.swift */; };
		AA4301CE276E28D800D1DC28 /* UIColor.swift in Sources */ = {isa = PBXBuildFile; fileRef = AA4301CD276E28D800D1DC28 /* UIColor.swift */; };
		AA4301D0276E2BF700D1DC28 /* WelcomeRouterTests.swift in Sources */ = {isa = PBXBuildFile; fileRef = AA4301CF276E2BF700D1DC28 /* WelcomeRouterTests.swift */; };
		AA4301D2276E3F4C00D1DC28 /* ProductListRouterTests.swift in Sources */ = {isa = PBXBuildFile; fileRef = AA4301D1276E3F4C00D1DC28 /* ProductListRouterTests.swift */; };
		AA4301D5276E44BF00D1DC28 /* CartWorker.swift in Sources */ = {isa = PBXBuildFile; fileRef = AA4301D4276E44BF00D1DC28 /* CartWorker.swift */; };
		AA4301D9276E44E000D1DC28 /* CartWorkerTests.swift in Sources */ = {isa = PBXBuildFile; fileRef = AA4301D8276E44E000D1DC28 /* CartWorkerTests.swift */; };
		AA4301DC276F24CA00D1DC28 /* CartDataStore.swift in Sources */ = {isa = PBXBuildFile; fileRef = AA4301DB276F24CA00D1DC28 /* CartDataStore.swift */; };
		AA4301E0276F294300D1DC28 /* CartProduct.swift in Sources */ = {isa = PBXBuildFile; fileRef = AA4301DF276F294300D1DC28 /* CartProduct.swift */; };
		AA4301E3276F344D00D1DC28 /* Product.swift in Sources */ = {isa = PBXBuildFile; fileRef = AA4301E2276F344D00D1DC28 /* Product.swift */; };
		AA4301E6276F506300D1DC28 /* ProductListView.swift in Sources */ = {isa = PBXBuildFile; fileRef = AA4301E5276F506300D1DC28 /* ProductListView.swift */; };
		AA4301E8276F511400D1DC28 /* ProductCell.swift in Sources */ = {isa = PBXBuildFile; fileRef = AA4301E7276F511400D1DC28 /* ProductCell.swift */; };
		AA4301EA276F5ED400D1DC28 /* UITableViewCell.swift in Sources */ = {isa = PBXBuildFile; fileRef = AA4301E9276F5ED400D1DC28 /* UITableViewCell.swift */; };
		AA4301EE276F5F6200D1DC28 /* ProductCellDecorator.swift in Sources */ = {isa = PBXBuildFile; fileRef = AA4301ED276F5F6200D1DC28 /* ProductCellDecorator.swift */; };
		AA4301F1276F609A00D1DC28 /* ProductCellDecoratorTests.swift in Sources */ = {isa = PBXBuildFile; fileRef = AA4301F0276F609A00D1DC28 /* ProductCellDecoratorTests.swift */; };
		AA5A5DD2276FB23800D150EA /* AlamofireImage in Frameworks */ = {isa = PBXBuildFile; productRef = AA5A5DD1276FB23800D150EA /* AlamofireImage */; };
		AA5A5DD6276FB4C300D150EA /* PriceView.swift in Sources */ = {isa = PBXBuildFile; fileRef = AA5A5DD5276FB4C300D150EA /* PriceView.swift */; };
		AA5A5DD8276FB4D500D150EA /* AddCartButton.swift in Sources */ = {isa = PBXBuildFile; fileRef = AA5A5DD7276FB4D500D150EA /* AddCartButton.swift */; };
		AA5A5DDA276FB50100D150EA /* ProductView.swift in Sources */ = {isa = PBXBuildFile; fileRef = AA5A5DD9276FB50100D150EA /* ProductView.swift */; };
		AA5FE706276FBF08003D5F80 /* TheSans-Italic.otf in Resources */ = {isa = PBXBuildFile; fileRef = AA5FE6F1276FBF08003D5F80 /* TheSans-Italic.otf */; };
		AA5FE707276FBF08003D5F80 /* TheSansBlack-Plain.otf in Resources */ = {isa = PBXBuildFile; fileRef = AA5FE6F2276FBF08003D5F80 /* TheSansBlack-Plain.otf */; };
		AA5FE708276FBF08003D5F80 /* TheSansBold-Expert.otf in Resources */ = {isa = PBXBuildFile; fileRef = AA5FE6F3276FBF08003D5F80 /* TheSansBold-Expert.otf */; };
		AA5FE709276FBF08003D5F80 /* TheSans-B7Bold.otf in Resources */ = {isa = PBXBuildFile; fileRef = AA5FE6F4276FBF08003D5F80 /* TheSans-B7Bold.otf */; };
		AA5FE70A276FBF08003D5F80 /* TheSans-B5Plain.otf in Resources */ = {isa = PBXBuildFile; fileRef = AA5FE6F5276FBF08003D5F80 /* TheSans-B5Plain.otf */; };
		AA5FE70B276FBF08003D5F80 /* TheSans-Caps.otf in Resources */ = {isa = PBXBuildFile; fileRef = AA5FE6F6276FBF08003D5F80 /* TheSans-Caps.otf */; };
		AA5FE70C276FBF08003D5F80 /* TheSans-B6SemiBold.otf in Resources */ = {isa = PBXBuildFile; fileRef = AA5FE6F7276FBF08003D5F80 /* TheSans-B6SemiBold.otf */; };
		AA5FE70D276FBF08003D5F80 /* TheSans-ExpertItalic.otf in Resources */ = {isa = PBXBuildFile; fileRef = AA5FE6F8276FBF08003D5F80 /* TheSans-ExpertItalic.otf */; };
		AA5FE70E276FBF08003D5F80 /* TheSans-B7BoldItalic.otf in Resources */ = {isa = PBXBuildFile; fileRef = AA5FE6F9276FBF08003D5F80 /* TheSans-B7BoldItalic.otf */; };
		AA5FE70F276FBF08003D5F80 /* TheSans-B9BlackItalic.otf in Resources */ = {isa = PBXBuildFile; fileRef = AA5FE6FA276FBF08003D5F80 /* TheSans-B9BlackItalic.otf */; };
		AA5FE710276FBF08003D5F80 /* TheSans-B2ExtraLight.otf in Resources */ = {isa = PBXBuildFile; fileRef = AA5FE6FB276FBF08003D5F80 /* TheSans-B2ExtraLight.otf */; };
		AA5FE711276FBF08003D5F80 /* TheSansBlack-ExpertItalic.otf in Resources */ = {isa = PBXBuildFile; fileRef = AA5FE6FC276FBF08003D5F80 /* TheSansBlack-ExpertItalic.otf */; };
		AA5FE712276FBF08003D5F80 /* TheSansBold-Caps.otf in Resources */ = {isa = PBXBuildFile; fileRef = AA5FE6FD276FBF08003D5F80 /* TheSansBold-Caps.otf */; };
		AA5FE713276FBF08003D5F80 /* TheSansBold-CapsItalic.otf in Resources */ = {isa = PBXBuildFile; fileRef = AA5FE6FE276FBF08003D5F80 /* TheSansBold-CapsItalic.otf */; };
		AA5FE714276FBF08003D5F80 /* TheSansBlack-Expert.otf in Resources */ = {isa = PBXBuildFile; fileRef = AA5FE6FF276FBF08003D5F80 /* TheSansBlack-Expert.otf */; };
		AA5FE715276FBF08003D5F80 /* TheSans-B9Black.otf in Resources */ = {isa = PBXBuildFile; fileRef = AA5FE700276FBF08003D5F80 /* TheSans-B9Black.otf */; };
		AA5FE716276FBF08003D5F80 /* TheSansBlack-Caps.otf in Resources */ = {isa = PBXBuildFile; fileRef = AA5FE701276FBF08003D5F80 /* TheSansBlack-Caps.otf */; };
		AA5FE717276FBF08003D5F80 /* TheSans-B8ExtraBoldItalic.otf in Resources */ = {isa = PBXBuildFile; fileRef = AA5FE702276FBF08003D5F80 /* TheSans-B8ExtraBoldItalic.otf */; };
		AA5FE718276FBF08003D5F80 /* TheSans-CapsItalic.otf in Resources */ = {isa = PBXBuildFile; fileRef = AA5FE703276FBF08003D5F80 /* TheSans-CapsItalic.otf */; };
		AA5FE719276FBF08003D5F80 /* TheSans-B6SemiBoldItalic.otf in Resources */ = {isa = PBXBuildFile; fileRef = AA5FE704276FBF08003D5F80 /* TheSans-B6SemiBoldItalic.otf */; };
		AA5FE71A276FBF08003D5F80 /* TheSans-Plain.otf in Resources */ = {isa = PBXBuildFile; fileRef = AA5FE705276FBF08003D5F80 /* TheSans-Plain.otf */; };
		AA5FE71C276FC01D003D5F80 /* UIFont.swift in Sources */ = {isa = PBXBuildFile; fileRef = AA5FE71B276FC01D003D5F80 /* UIFont.swift */; };
		AA5FE720276FCFDB003D5F80 /* Launch Screen.storyboard in Resources */ = {isa = PBXBuildFile; fileRef = AA5FE71F276FCFDB003D5F80 /* Launch Screen.storyboard */; };
		AADF2B9A276E07FF00E6AF47 /* WelcomeRouter.swift in Sources */ = {isa = PBXBuildFile; fileRef = AADF2B94276E07FF00E6AF47 /* WelcomeRouter.swift */; };
		AADF2B9C276E07FF00E6AF47 /* WelcomeViewController.swift in Sources */ = {isa = PBXBuildFile; fileRef = AADF2B96276E07FF00E6AF47 /* WelcomeViewController.swift */; };
		AADF2BA4276E09DD00E6AF47 /* WelcomeViewControllerTests.swift in Sources */ = {isa = PBXBuildFile; fileRef = AADF2BA0276E09DD00E6AF47 /* WelcomeViewControllerTests.swift */; };
		AADF2BAE276E0A0F00E6AF47 /* ProductListRouter.swift in Sources */ = {isa = PBXBuildFile; fileRef = AADF2BA8276E0A0F00E6AF47 /* ProductListRouter.swift */; };
		AADF2BAF276E0A0F00E6AF47 /* ProductListPresenter.swift in Sources */ = {isa = PBXBuildFile; fileRef = AADF2BA9276E0A0F00E6AF47 /* ProductListPresenter.swift */; };
		AADF2BB0276E0A0F00E6AF47 /* ProductListViewController.swift in Sources */ = {isa = PBXBuildFile; fileRef = AADF2BAA276E0A0F00E6AF47 /* ProductListViewController.swift */; };
		AADF2BB1276E0A0F00E6AF47 /* ProductListInteractor.swift in Sources */ = {isa = PBXBuildFile; fileRef = AADF2BAB276E0A0F00E6AF47 /* ProductListInteractor.swift */; };
		AADF2BB2276E0A0F00E6AF47 /* ProductListWorker.swift in Sources */ = {isa = PBXBuildFile; fileRef = AADF2BAC276E0A0F00E6AF47 /* ProductListWorker.swift */; };
		AADF2BB3276E0A0F00E6AF47 /* ProductListModels.swift in Sources */ = {isa = PBXBuildFile; fileRef = AADF2BAD276E0A0F00E6AF47 /* ProductListModels.swift */; };
		AADF2BB9276E0C1A00E6AF47 /* ProductListViewControllerTests.swift in Sources */ = {isa = PBXBuildFile; fileRef = AADF2BB5276E0C1A00E6AF47 /* ProductListViewControllerTests.swift */; };
		AADF2BBA276E0C1A00E6AF47 /* ProductListWorkerTests.swift in Sources */ = {isa = PBXBuildFile; fileRef = AADF2BB6276E0C1A00E6AF47 /* ProductListWorkerTests.swift */; };
		AADF2BBB276E0C1A00E6AF47 /* ProductListInteractorTests.swift in Sources */ = {isa = PBXBuildFile; fileRef = AADF2BB7276E0C1A00E6AF47 /* ProductListInteractorTests.swift */; };
		AADF2BBC276E0C1A00E6AF47 /* ProductListPresenterTests.swift in Sources */ = {isa = PBXBuildFile; fileRef = AADF2BB8276E0C1A00E6AF47 /* ProductListPresenterTests.swift */; };
		AADF2BBF276E0DBD00E6AF47 /* WelcomeView.swift in Sources */ = {isa = PBXBuildFile; fileRef = AADF2BBE276E0DBD00E6AF47 /* WelcomeView.swift */; };
		AFF534942701ECBC00EEE4AE /* AppDelegate.swift in Sources */ = {isa = PBXBuildFile; fileRef = AFF534932701ECBC00EEE4AE /* AppDelegate.swift */; };
		AFF534962701ECBC00EEE4AE /* SceneDelegate.swift in Sources */ = {isa = PBXBuildFile; fileRef = AFF534952701ECBC00EEE4AE /* SceneDelegate.swift */; };
		AFF5349D2701ECBF00EEE4AE /* Assets.xcassets in Resources */ = {isa = PBXBuildFile; fileRef = AFF5349C2701ECBF00EEE4AE /* Assets.xcassets */; };
		AFF534AB2701ECBF00EEE4AE /* iOSAssignmentTests.swift in Sources */ = {isa = PBXBuildFile; fileRef = AFF534AA2701ECBF00EEE4AE /* iOSAssignmentTests.swift */; };
		AFF534C62701EE7300EEE4AE /* ProductRaw.swift in Sources */ = {isa = PBXBuildFile; fileRef = AFF534C52701EE7300EEE4AE /* ProductRaw.swift */; };
		AFF534C82701F93100EEE4AE /* ProductPriceDataRaw.swift in Sources */ = {isa = PBXBuildFile; fileRef = AFF534C72701F93100EEE4AE /* ProductPriceDataRaw.swift */; };
		AFF534CA2701F98300EEE4AE /* ProductImagesInfoRaw.swift in Sources */ = {isa = PBXBuildFile; fileRef = AFF534C92701F98300EEE4AE /* ProductImagesInfoRaw.swift */; };
		AFF534D02702007000EEE4AE /* products.json in Resources */ = {isa = PBXBuildFile; fileRef = AFF534CF2702007000EEE4AE /* products.json */; };
		AFF534D3270202AA00EEE4AE /* Data+Json.swift in Sources */ = {isa = PBXBuildFile; fileRef = AFF534D2270202AA00EEE4AE /* Data+Json.swift */; };
		AFF534D72702088800EEE4AE /* ImageDetailRaw.swift in Sources */ = {isa = PBXBuildFile; fileRef = AFF534D62702088800EEE4AE /* ImageDetailRaw.swift */; };
		AFF534DB27020CB800EEE4AE /* ProductsRepository.swift in Sources */ = {isa = PBXBuildFile; fileRef = AFF534DA27020CB800EEE4AE /* ProductsRepository.swift */; };
/* End PBXBuildFile section */

/* Begin PBXContainerItemProxy section */
		AFF534A72701ECBF00EEE4AE /* PBXContainerItemProxy */ = {
			isa = PBXContainerItemProxy;
			containerPortal = AFF534882701ECBC00EEE4AE /* Project object */;
			proxyType = 1;
			remoteGlobalIDString = AFF5348F2701ECBC00EEE4AE;
			remoteInfo = iOSAssignment;
		};
/* End PBXContainerItemProxy section */

/* Begin PBXFileReference section */
		AA4301CB276E221E00D1DC28 /* UIView.swift */ = {isa = PBXFileReference; lastKnownFileType = sourcecode.swift; path = UIView.swift; sourceTree = "<group>"; };
		AA4301CD276E28D800D1DC28 /* UIColor.swift */ = {isa = PBXFileReference; lastKnownFileType = sourcecode.swift; path = UIColor.swift; sourceTree = "<group>"; };
		AA4301CF276E2BF700D1DC28 /* WelcomeRouterTests.swift */ = {isa = PBXFileReference; lastKnownFileType = sourcecode.swift; path = WelcomeRouterTests.swift; sourceTree = "<group>"; };
		AA4301D1276E3F4C00D1DC28 /* ProductListRouterTests.swift */ = {isa = PBXFileReference; lastKnownFileType = sourcecode.swift; path = ProductListRouterTests.swift; sourceTree = "<group>"; };
		AA4301D4276E44BF00D1DC28 /* CartWorker.swift */ = {isa = PBXFileReference; lastKnownFileType = sourcecode.swift; path = CartWorker.swift; sourceTree = "<group>"; };
		AA4301D8276E44E000D1DC28 /* CartWorkerTests.swift */ = {isa = PBXFileReference; lastKnownFileType = sourcecode.swift; path = CartWorkerTests.swift; sourceTree = "<group>"; };
		AA4301DB276F24CA00D1DC28 /* CartDataStore.swift */ = {isa = PBXFileReference; lastKnownFileType = sourcecode.swift; path = CartDataStore.swift; sourceTree = "<group>"; };
		AA4301DF276F294300D1DC28 /* CartProduct.swift */ = {isa = PBXFileReference; lastKnownFileType = sourcecode.swift; path = CartProduct.swift; sourceTree = "<group>"; };
		AA4301E2276F344D00D1DC28 /* Product.swift */ = {isa = PBXFileReference; lastKnownFileType = sourcecode.swift; path = Product.swift; sourceTree = "<group>"; };
		AA4301E5276F506300D1DC28 /* ProductListView.swift */ = {isa = PBXFileReference; lastKnownFileType = sourcecode.swift; path = ProductListView.swift; sourceTree = "<group>"; };
		AA4301E7276F511400D1DC28 /* ProductCell.swift */ = {isa = PBXFileReference; lastKnownFileType = sourcecode.swift; path = ProductCell.swift; sourceTree = "<group>"; };
		AA4301E9276F5ED400D1DC28 /* UITableViewCell.swift */ = {isa = PBXFileReference; lastKnownFileType = sourcecode.swift; path = UITableViewCell.swift; sourceTree = "<group>"; };
		AA4301ED276F5F6200D1DC28 /* ProductCellDecorator.swift */ = {isa = PBXFileReference; lastKnownFileType = sourcecode.swift; path = ProductCellDecorator.swift; sourceTree = "<group>"; };
		AA4301F0276F609A00D1DC28 /* ProductCellDecoratorTests.swift */ = {isa = PBXFileReference; lastKnownFileType = sourcecode.swift; path = ProductCellDecoratorTests.swift; sourceTree = "<group>"; };
		AA5A5DD5276FB4C300D150EA /* PriceView.swift */ = {isa = PBXFileReference; lastKnownFileType = sourcecode.swift; path = PriceView.swift; sourceTree = "<group>"; };
		AA5A5DD7276FB4D500D150EA /* AddCartButton.swift */ = {isa = PBXFileReference; lastKnownFileType = sourcecode.swift; path = AddCartButton.swift; sourceTree = "<group>"; };
		AA5A5DD9276FB50100D150EA /* ProductView.swift */ = {isa = PBXFileReference; lastKnownFileType = sourcecode.swift; path = ProductView.swift; sourceTree = "<group>"; };
		AA5FE6F1276FBF08003D5F80 /* TheSans-Italic.otf */ = {isa = PBXFileReference; lastKnownFileType = file; path = "TheSans-Italic.otf"; sourceTree = "<group>"; };
		AA5FE6F2276FBF08003D5F80 /* TheSansBlack-Plain.otf */ = {isa = PBXFileReference; lastKnownFileType = file; path = "TheSansBlack-Plain.otf"; sourceTree = "<group>"; };
		AA5FE6F3276FBF08003D5F80 /* TheSansBold-Expert.otf */ = {isa = PBXFileReference; lastKnownFileType = file; path = "TheSansBold-Expert.otf"; sourceTree = "<group>"; };
		AA5FE6F4276FBF08003D5F80 /* TheSans-B7Bold.otf */ = {isa = PBXFileReference; lastKnownFileType = file; path = "TheSans-B7Bold.otf"; sourceTree = "<group>"; };
		AA5FE6F5276FBF08003D5F80 /* TheSans-B5Plain.otf */ = {isa = PBXFileReference; lastKnownFileType = file; path = "TheSans-B5Plain.otf"; sourceTree = "<group>"; };
		AA5FE6F6276FBF08003D5F80 /* TheSans-Caps.otf */ = {isa = PBXFileReference; lastKnownFileType = file; path = "TheSans-Caps.otf"; sourceTree = "<group>"; };
		AA5FE6F7276FBF08003D5F80 /* TheSans-B6SemiBold.otf */ = {isa = PBXFileReference; lastKnownFileType = file; path = "TheSans-B6SemiBold.otf"; sourceTree = "<group>"; };
		AA5FE6F8276FBF08003D5F80 /* TheSans-ExpertItalic.otf */ = {isa = PBXFileReference; lastKnownFileType = file; path = "TheSans-ExpertItalic.otf"; sourceTree = "<group>"; };
		AA5FE6F9276FBF08003D5F80 /* TheSans-B7BoldItalic.otf */ = {isa = PBXFileReference; lastKnownFileType = file; path = "TheSans-B7BoldItalic.otf"; sourceTree = "<group>"; };
		AA5FE6FA276FBF08003D5F80 /* TheSans-B9BlackItalic.otf */ = {isa = PBXFileReference; lastKnownFileType = file; path = "TheSans-B9BlackItalic.otf"; sourceTree = "<group>"; };
		AA5FE6FB276FBF08003D5F80 /* TheSans-B2ExtraLight.otf */ = {isa = PBXFileReference; lastKnownFileType = file; path = "TheSans-B2ExtraLight.otf"; sourceTree = "<group>"; };
		AA5FE6FC276FBF08003D5F80 /* TheSansBlack-ExpertItalic.otf */ = {isa = PBXFileReference; lastKnownFileType = file; path = "TheSansBlack-ExpertItalic.otf"; sourceTree = "<group>"; };
		AA5FE6FD276FBF08003D5F80 /* TheSansBold-Caps.otf */ = {isa = PBXFileReference; lastKnownFileType = file; path = "TheSansBold-Caps.otf"; sourceTree = "<group>"; };
		AA5FE6FE276FBF08003D5F80 /* TheSansBold-CapsItalic.otf */ = {isa = PBXFileReference; lastKnownFileType = file; path = "TheSansBold-CapsItalic.otf"; sourceTree = "<group>"; };
		AA5FE6FF276FBF08003D5F80 /* TheSansBlack-Expert.otf */ = {isa = PBXFileReference; lastKnownFileType = file; path = "TheSansBlack-Expert.otf"; sourceTree = "<group>"; };
		AA5FE700276FBF08003D5F80 /* TheSans-B9Black.otf */ = {isa = PBXFileReference; lastKnownFileType = file; path = "TheSans-B9Black.otf"; sourceTree = "<group>"; };
		AA5FE701276FBF08003D5F80 /* TheSansBlack-Caps.otf */ = {isa = PBXFileReference; lastKnownFileType = file; path = "TheSansBlack-Caps.otf"; sourceTree = "<group>"; };
		AA5FE702276FBF08003D5F80 /* TheSans-B8ExtraBoldItalic.otf */ = {isa = PBXFileReference; lastKnownFileType = file; path = "TheSans-B8ExtraBoldItalic.otf"; sourceTree = "<group>"; };
		AA5FE703276FBF08003D5F80 /* TheSans-CapsItalic.otf */ = {isa = PBXFileReference; lastKnownFileType = file; path = "TheSans-CapsItalic.otf"; sourceTree = "<group>"; };
		AA5FE704276FBF08003D5F80 /* TheSans-B6SemiBoldItalic.otf */ = {isa = PBXFileReference; lastKnownFileType = file; path = "TheSans-B6SemiBoldItalic.otf"; sourceTree = "<group>"; };
		AA5FE705276FBF08003D5F80 /* TheSans-Plain.otf */ = {isa = PBXFileReference; lastKnownFileType = file; path = "TheSans-Plain.otf"; sourceTree = "<group>"; };
		AA5FE71B276FC01D003D5F80 /* UIFont.swift */ = {isa = PBXFileReference; lastKnownFileType = sourcecode.swift; path = UIFont.swift; sourceTree = "<group>"; };
		AA5FE71F276FCFDB003D5F80 /* Launch Screen.storyboard */ = {isa = PBXFileReference; lastKnownFileType = file.storyboard; path = "Launch Screen.storyboard"; sourceTree = "<group>"; };
		AADF2B94276E07FF00E6AF47 /* WelcomeRouter.swift */ = {isa = PBXFileReference; lastKnownFileType = sourcecode.swift; path = WelcomeRouter.swift; sourceTree = "<group>"; };
		AADF2B96276E07FF00E6AF47 /* WelcomeViewController.swift */ = {isa = PBXFileReference; lastKnownFileType = sourcecode.swift; path = WelcomeViewController.swift; sourceTree = "<group>"; };
		AADF2BA0276E09DD00E6AF47 /* WelcomeViewControllerTests.swift */ = {isa = PBXFileReference; lastKnownFileType = sourcecode.swift; path = WelcomeViewControllerTests.swift; sourceTree = "<group>"; };
		AADF2BA8276E0A0F00E6AF47 /* ProductListRouter.swift */ = {isa = PBXFileReference; fileEncoding = 4; lastKnownFileType = sourcecode.swift; path = ProductListRouter.swift; sourceTree = "<group>"; };
		AADF2BA9276E0A0F00E6AF47 /* ProductListPresenter.swift */ = {isa = PBXFileReference; fileEncoding = 4; lastKnownFileType = sourcecode.swift; path = ProductListPresenter.swift; sourceTree = "<group>"; };
		AADF2BAA276E0A0F00E6AF47 /* ProductListViewController.swift */ = {isa = PBXFileReference; fileEncoding = 4; lastKnownFileType = sourcecode.swift; path = ProductListViewController.swift; sourceTree = "<group>"; };
		AADF2BAB276E0A0F00E6AF47 /* ProductListInteractor.swift */ = {isa = PBXFileReference; fileEncoding = 4; lastKnownFileType = sourcecode.swift; path = ProductListInteractor.swift; sourceTree = "<group>"; };
		AADF2BAC276E0A0F00E6AF47 /* ProductListWorker.swift */ = {isa = PBXFileReference; fileEncoding = 4; lastKnownFileType = sourcecode.swift; path = ProductListWorker.swift; sourceTree = "<group>"; };
		AADF2BAD276E0A0F00E6AF47 /* ProductListModels.swift */ = {isa = PBXFileReference; fileEncoding = 4; lastKnownFileType = sourcecode.swift; path = ProductListModels.swift; sourceTree = "<group>"; };
		AADF2BB5276E0C1A00E6AF47 /* ProductListViewControllerTests.swift */ = {isa = PBXFileReference; fileEncoding = 4; lastKnownFileType = sourcecode.swift; path = ProductListViewControllerTests.swift; sourceTree = "<group>"; };
		AADF2BB6276E0C1A00E6AF47 /* ProductListWorkerTests.swift */ = {isa = PBXFileReference; fileEncoding = 4; lastKnownFileType = sourcecode.swift; path = ProductListWorkerTests.swift; sourceTree = "<group>"; };
		AADF2BB7276E0C1A00E6AF47 /* ProductListInteractorTests.swift */ = {isa = PBXFileReference; fileEncoding = 4; lastKnownFileType = sourcecode.swift; path = ProductListInteractorTests.swift; sourceTree = "<group>"; };
		AADF2BB8276E0C1A00E6AF47 /* ProductListPresenterTests.swift */ = {isa = PBXFileReference; fileEncoding = 4; lastKnownFileType = sourcecode.swift; path = ProductListPresenterTests.swift; sourceTree = "<group>"; };
		AADF2BBE276E0DBD00E6AF47 /* WelcomeView.swift */ = {isa = PBXFileReference; lastKnownFileType = sourcecode.swift; path = WelcomeView.swift; sourceTree = "<group>"; };
		AFF534902701ECBC00EEE4AE /* iOSAssignment.app */ = {isa = PBXFileReference; explicitFileType = wrapper.application; includeInIndex = 0; path = iOSAssignment.app; sourceTree = BUILT_PRODUCTS_DIR; };
		AFF534932701ECBC00EEE4AE /* AppDelegate.swift */ = {isa = PBXFileReference; lastKnownFileType = sourcecode.swift; path = AppDelegate.swift; sourceTree = "<group>"; };
		AFF534952701ECBC00EEE4AE /* SceneDelegate.swift */ = {isa = PBXFileReference; lastKnownFileType = sourcecode.swift; path = SceneDelegate.swift; sourceTree = "<group>"; };
		AFF5349C2701ECBF00EEE4AE /* Assets.xcassets */ = {isa = PBXFileReference; lastKnownFileType = folder.assetcatalog; path = Assets.xcassets; sourceTree = "<group>"; };
		AFF534A12701ECBF00EEE4AE /* Info.plist */ = {isa = PBXFileReference; lastKnownFileType = text.plist.xml; path = Info.plist; sourceTree = "<group>"; };
		AFF534A62701ECBF00EEE4AE /* iOSAssignmentTests.xctest */ = {isa = PBXFileReference; explicitFileType = wrapper.cfbundle; includeInIndex = 0; path = iOSAssignmentTests.xctest; sourceTree = BUILT_PRODUCTS_DIR; };
		AFF534AA2701ECBF00EEE4AE /* iOSAssignmentTests.swift */ = {isa = PBXFileReference; lastKnownFileType = sourcecode.swift; path = iOSAssignmentTests.swift; sourceTree = "<group>"; };
		AFF534C52701EE7300EEE4AE /* ProductRaw.swift */ = {isa = PBXFileReference; lastKnownFileType = sourcecode.swift; path = ProductRaw.swift; sourceTree = "<group>"; };
		AFF534C72701F93100EEE4AE /* ProductPriceDataRaw.swift */ = {isa = PBXFileReference; lastKnownFileType = sourcecode.swift; path = ProductPriceDataRaw.swift; sourceTree = "<group>"; };
		AFF534C92701F98300EEE4AE /* ProductImagesInfoRaw.swift */ = {isa = PBXFileReference; lastKnownFileType = sourcecode.swift; path = ProductImagesInfoRaw.swift; sourceTree = "<group>"; };
		AFF534CF2702007000EEE4AE /* products.json */ = {isa = PBXFileReference; fileEncoding = 4; lastKnownFileType = text.json; path = products.json; sourceTree = "<group>"; };
		AFF534D2270202AA00EEE4AE /* Data+Json.swift */ = {isa = PBXFileReference; lastKnownFileType = sourcecode.swift; path = "Data+Json.swift"; sourceTree = "<group>"; };
		AFF534D62702088800EEE4AE /* ImageDetailRaw.swift */ = {isa = PBXFileReference; lastKnownFileType = sourcecode.swift; path = ImageDetailRaw.swift; sourceTree = "<group>"; };
		AFF534DA27020CB800EEE4AE /* ProductsRepository.swift */ = {isa = PBXFileReference; lastKnownFileType = sourcecode.swift; path = ProductsRepository.swift; sourceTree = "<group>"; };
/* End PBXFileReference section */

/* Begin PBXFrameworksBuildPhase section */
		AFF5348D2701ECBC00EEE4AE /* Frameworks */ = {
			isa = PBXFrameworksBuildPhase;
			buildActionMask = 2147483647;
			files = (
				AA5A5DD2276FB23800D150EA /* AlamofireImage in Frameworks */,
			);
			runOnlyForDeploymentPostprocessing = 0;
		};
		AFF534A32701ECBF00EEE4AE /* Frameworks */ = {
			isa = PBXFrameworksBuildPhase;
			buildActionMask = 2147483647;
			files = (
			);
			runOnlyForDeploymentPostprocessing = 0;
		};
/* End PBXFrameworksBuildPhase section */

/* Begin PBXGroup section */
		AA4301C9276E220600D1DC28 /* Common */ = {
			isa = PBXGroup;
			children = (
				AA4301DE276F292E00D1DC28 /* Models */,
				AA4301DA276F24B100D1DC28 /* Store */,
				AA4301D3276E448500D1DC28 /* Workers */,
				AA4301CA276E221100D1DC28 /* Extensions */,
			);
			path = Common;
			sourceTree = "<group>";
		};
		AA4301CA276E221100D1DC28 /* Extensions */ = {
			isa = PBXGroup;
			children = (
				AA4301CB276E221E00D1DC28 /* UIView.swift */,
				AA4301CD276E28D800D1DC28 /* UIColor.swift */,
				AA4301E9276F5ED400D1DC28 /* UITableViewCell.swift */,
				AA5FE71B276FC01D003D5F80 /* UIFont.swift */,
			);
			path = Extensions;
			sourceTree = "<group>";
		};
		AA4301D3276E448500D1DC28 /* Workers */ = {
			isa = PBXGroup;
			children = (
				AA4301D4276E44BF00D1DC28 /* CartWorker.swift */,
			);
			path = Workers;
			sourceTree = "<group>";
		};
		AA4301D6276E44C700D1DC28 /* Common */ = {
			isa = PBXGroup;
			children = (
				AA4301D7276E44CE00D1DC28 /* Workers */,
			);
			path = Common;
			sourceTree = "<group>";
		};
		AA4301D7276E44CE00D1DC28 /* Workers */ = {
			isa = PBXGroup;
			children = (
				AA4301D8276E44E000D1DC28 /* CartWorkerTests.swift */,
			);
			path = Workers;
			sourceTree = "<group>";
		};
		AA4301DA276F24B100D1DC28 /* Store */ = {
			isa = PBXGroup;
			children = (
				AA4301DB276F24CA00D1DC28 /* CartDataStore.swift */,
			);
			path = Store;
			sourceTree = "<group>";
		};
		AA4301DE276F292E00D1DC28 /* Models */ = {
			isa = PBXGroup;
			children = (
				AA4301DF276F294300D1DC28 /* CartProduct.swift */,
			);
			path = Models;
			sourceTree = "<group>";
		};
		AA4301E1276F343D00D1DC28 /* Mocks */ = {
			isa = PBXGroup;
			children = (
				AA4301E2276F344D00D1DC28 /* Product.swift */,
			);
			path = Mocks;
			sourceTree = "<group>";
		};
		AA4301E4276F505B00D1DC28 /* Views */ = {
			isa = PBXGroup;
			children = (
				AA5A5DD4276FB49C00D150EA /* ProductCellViews */,
				AA4301E5276F506300D1DC28 /* ProductListView.swift */,
				AA4301E7276F511400D1DC28 /* ProductCell.swift */,
			);
			path = Views;
			sourceTree = "<group>";
		};
		AA4301EB276F5F4A00D1DC28 /* Decorator */ = {
			isa = PBXGroup;
			children = (
				AA4301ED276F5F6200D1DC28 /* ProductCellDecorator.swift */,
			);
			path = Decorator;
			sourceTree = "<group>";
		};
		AA4301EF276F608C00D1DC28 /* Decorators */ = {
			isa = PBXGroup;
			children = (
				AA4301F0276F609A00D1DC28 /* ProductCellDecoratorTests.swift */,
			);
			path = Decorators;
			sourceTree = "<group>";
		};
		AA5A5DD4276FB49C00D150EA /* ProductCellViews */ = {
			isa = PBXGroup;
			children = (
				AA5A5DD5276FB4C300D150EA /* PriceView.swift */,
				AA5A5DD7276FB4D500D150EA /* AddCartButton.swift */,
				AA5A5DD9276FB50100D150EA /* ProductView.swift */,
			);
			path = ProductCellViews;
			sourceTree = "<group>";
		};
		AA5FE6EF276FBEF4003D5F80 /* Assets */ = {
			isa = PBXGroup;
			children = (
				AA5FE6F0276FBEF9003D5F80 /* Fonts */,
			);
			path = Assets;
			sourceTree = "<group>";
		};
		AA5FE6F0276FBEF9003D5F80 /* Fonts */ = {
			isa = PBXGroup;
			children = (
				AA5FE6FB276FBF08003D5F80 /* TheSans-B2ExtraLight.otf */,
				AA5FE6F5276FBF08003D5F80 /* TheSans-B5Plain.otf */,
				AA5FE6F7276FBF08003D5F80 /* TheSans-B6SemiBold.otf */,
				AA5FE704276FBF08003D5F80 /* TheSans-B6SemiBoldItalic.otf */,
				AA5FE6F4276FBF08003D5F80 /* TheSans-B7Bold.otf */,
				AA5FE6F9276FBF08003D5F80 /* TheSans-B7BoldItalic.otf */,
				AA5FE702276FBF08003D5F80 /* TheSans-B8ExtraBoldItalic.otf */,
				AA5FE700276FBF08003D5F80 /* TheSans-B9Black.otf */,
				AA5FE6FA276FBF08003D5F80 /* TheSans-B9BlackItalic.otf */,
				AA5FE6F6276FBF08003D5F80 /* TheSans-Caps.otf */,
				AA5FE703276FBF08003D5F80 /* TheSans-CapsItalic.otf */,
				AA5FE6F8276FBF08003D5F80 /* TheSans-ExpertItalic.otf */,
				AA5FE6F1276FBF08003D5F80 /* TheSans-Italic.otf */,
				AA5FE705276FBF08003D5F80 /* TheSans-Plain.otf */,
				AA5FE701276FBF08003D5F80 /* TheSansBlack-Caps.otf */,
				AA5FE6FF276FBF08003D5F80 /* TheSansBlack-Expert.otf */,
				AA5FE6FC276FBF08003D5F80 /* TheSansBlack-ExpertItalic.otf */,
				AA5FE6F2276FBF08003D5F80 /* TheSansBlack-Plain.otf */,
				AA5FE6FD276FBF08003D5F80 /* TheSansBold-Caps.otf */,
				AA5FE6FE276FBF08003D5F80 /* TheSansBold-CapsItalic.otf */,
				AA5FE6F3276FBF08003D5F80 /* TheSansBold-Expert.otf */,
			);
			path = Fonts;
			sourceTree = "<group>";
		};
		AADF2B8F276E07DF00E6AF47 /* Scenes */ = {
			isa = PBXGroup;
			children = (
				AADF2B91276E07EB00E6AF47 /* ProductList */,
				AADF2B90276E07E500E6AF47 /* Welcome */,
			);
			path = Scenes;
			sourceTree = "<group>";
		};
		AADF2B90276E07E500E6AF47 /* Welcome */ = {
			isa = PBXGroup;
			children = (
				AADF2BBD276E0DB200E6AF47 /* Views */,
				AADF2B96276E07FF00E6AF47 /* WelcomeViewController.swift */,
				AADF2B94276E07FF00E6AF47 /* WelcomeRouter.swift */,
			);
			path = Welcome;
			sourceTree = "<group>";
		};
		AADF2B91276E07EB00E6AF47 /* ProductList */ = {
			isa = PBXGroup;
			children = (
				AA4301EB276F5F4A00D1DC28 /* Decorator */,
				AA4301E4276F505B00D1DC28 /* Views */,
				AADF2BAB276E0A0F00E6AF47 /* ProductListInteractor.swift */,
				AADF2BAD276E0A0F00E6AF47 /* ProductListModels.swift */,
				AADF2BA9276E0A0F00E6AF47 /* ProductListPresenter.swift */,
				AADF2BA8276E0A0F00E6AF47 /* ProductListRouter.swift */,
				AADF2BAA276E0A0F00E6AF47 /* ProductListViewController.swift */,
				AADF2BAC276E0A0F00E6AF47 /* ProductListWorker.swift */,
			);
			path = ProductList;
			sourceTree = "<group>";
		};
		AADF2B9E276E09B900E6AF47 /* Scenes */ = {
			isa = PBXGroup;
			children = (
				AADF2BB4276E0A3A00E6AF47 /* ProductList */,
				AADF2B9F276E09BF00E6AF47 /* Welcome */,
			);
			path = Scenes;
			sourceTree = "<group>";
		};
		AADF2B9F276E09BF00E6AF47 /* Welcome */ = {
			isa = PBXGroup;
			children = (
				AADF2BA0276E09DD00E6AF47 /* WelcomeViewControllerTests.swift */,
				AA4301CF276E2BF700D1DC28 /* WelcomeRouterTests.swift */,
			);
			path = Welcome;
			sourceTree = "<group>";
		};
		AADF2BB4276E0A3A00E6AF47 /* ProductList */ = {
			isa = PBXGroup;
			children = (
				AA4301EF276F608C00D1DC28 /* Decorators */,
				AADF2BB7276E0C1A00E6AF47 /* ProductListInteractorTests.swift */,
				AADF2BB8276E0C1A00E6AF47 /* ProductListPresenterTests.swift */,
				AADF2BB5276E0C1A00E6AF47 /* ProductListViewControllerTests.swift */,
				AADF2BB6276E0C1A00E6AF47 /* ProductListWorkerTests.swift */,
				AA4301D1276E3F4C00D1DC28 /* ProductListRouterTests.swift */,
			);
			path = ProductList;
			sourceTree = "<group>";
		};
		AADF2BBD276E0DB200E6AF47 /* Views */ = {
			isa = PBXGroup;
			children = (
				AADF2BBE276E0DBD00E6AF47 /* WelcomeView.swift */,
			);
			path = Views;
			sourceTree = "<group>";
		};
		AFF534872701ECBC00EEE4AE = {
			isa = PBXGroup;
			children = (
				AFF534922701ECBC00EEE4AE /* iOSAssignment */,
				AFF534A92701ECBF00EEE4AE /* iOSAssignmentTests */,
				AFF534912701ECBC00EEE4AE /* Products */,
			);
			sourceTree = "<group>";
		};
		AFF534912701ECBC00EEE4AE /* Products */ = {
			isa = PBXGroup;
			children = (
				AFF534902701ECBC00EEE4AE /* iOSAssignment.app */,
				AFF534A62701ECBF00EEE4AE /* iOSAssignmentTests.xctest */,
			);
			name = Products;
			sourceTree = "<group>";
		};
		AFF534922701ECBC00EEE4AE /* iOSAssignment */ = {
			isa = PBXGroup;
			children = (
				AA5FE6EF276FBEF4003D5F80 /* Assets */,
				AA4301C9276E220600D1DC28 /* Common */,
				AFF534C32701EE5400EEE4AE /* Jumbo */,
				AADF2B8F276E07DF00E6AF47 /* Scenes */,
				AFF534932701ECBC00EEE4AE /* AppDelegate.swift */,
				AFF534952701ECBC00EEE4AE /* SceneDelegate.swift */,
				AFF5349C2701ECBF00EEE4AE /* Assets.xcassets */,
				AFF534A12701ECBF00EEE4AE /* Info.plist */,
				AA5FE71F276FCFDB003D5F80 /* Launch Screen.storyboard */,
			);
			path = iOSAssignment;
			sourceTree = "<group>";
		};
		AFF534A92701ECBF00EEE4AE /* iOSAssignmentTests */ = {
			isa = PBXGroup;
			children = (
				AA4301E1276F343D00D1DC28 /* Mocks */,
				AA4301D6276E44C700D1DC28 /* Common */,
				AADF2B9E276E09B900E6AF47 /* Scenes */,
				AFF534AA2701ECBF00EEE4AE /* iOSAssignmentTests.swift */,
			);
			path = iOSAssignmentTests;
			sourceTree = "<group>";
		};
		AFF534C32701EE5400EEE4AE /* Jumbo */ = {
			isa = PBXGroup;
			children = (
				AFF534D827020CA000EEE4AE /* Repositories */,
				AFF534D12702029A00EEE4AE /* Extensions */,
				AFF534CE2702004F00EEE4AE /* Resources */,
				AFF534C42701EE5E00EEE4AE /* Models */,
			);
			path = Jumbo;
			sourceTree = "<group>";
		};
		AFF534C42701EE5E00EEE4AE /* Models */ = {
			isa = PBXGroup;
			children = (
				AFF534C52701EE7300EEE4AE /* ProductRaw.swift */,
				AFF534C72701F93100EEE4AE /* ProductPriceDataRaw.swift */,
				AFF534C92701F98300EEE4AE /* ProductImagesInfoRaw.swift */,
				AFF534D62702088800EEE4AE /* ImageDetailRaw.swift */,
			);
			path = Models;
			sourceTree = "<group>";
		};
		AFF534CE2702004F00EEE4AE /* Resources */ = {
			isa = PBXGroup;
			children = (
				AFF534CF2702007000EEE4AE /* products.json */,
			);
			path = Resources;
			sourceTree = "<group>";
		};
		AFF534D12702029A00EEE4AE /* Extensions */ = {
			isa = PBXGroup;
			children = (
				AFF534D2270202AA00EEE4AE /* Data+Json.swift */,
			);
			path = Extensions;
			sourceTree = "<group>";
		};
		AFF534D827020CA000EEE4AE /* Repositories */ = {
			isa = PBXGroup;
			children = (
				AFF534D927020CAB00EEE4AE /* Products */,
			);
			path = Repositories;
			sourceTree = "<group>";
		};
		AFF534D927020CAB00EEE4AE /* Products */ = {
			isa = PBXGroup;
			children = (
				AFF534DA27020CB800EEE4AE /* ProductsRepository.swift */,
			);
			path = Products;
			sourceTree = "<group>";
		};
/* End PBXGroup section */

/* Begin PBXNativeTarget section */
		AFF5348F2701ECBC00EEE4AE /* iOSAssignment */ = {
			isa = PBXNativeTarget;
			buildConfigurationList = AFF534BA2701ECBF00EEE4AE /* Build configuration list for PBXNativeTarget "iOSAssignment" */;
			buildPhases = (
				AFF5348C2701ECBC00EEE4AE /* Sources */,
				AFF5348D2701ECBC00EEE4AE /* Frameworks */,
				AFF5348E2701ECBC00EEE4AE /* Resources */,
			);
			buildRules = (
			);
			dependencies = (
			);
			name = iOSAssignment;
			packageProductDependencies = (
				AA5A5DD1276FB23800D150EA /* AlamofireImage */,
			);
			productName = iOSAssignment;
			productReference = AFF534902701ECBC00EEE4AE /* iOSAssignment.app */;
			productType = "com.apple.product-type.application";
		};
		AFF534A52701ECBF00EEE4AE /* iOSAssignmentTests */ = {
			isa = PBXNativeTarget;
			buildConfigurationList = AFF534BD2701ECBF00EEE4AE /* Build configuration list for PBXNativeTarget "iOSAssignmentTests" */;
			buildPhases = (
				AFF534A22701ECBF00EEE4AE /* Sources */,
				AFF534A32701ECBF00EEE4AE /* Frameworks */,
				AFF534A42701ECBF00EEE4AE /* Resources */,
			);
			buildRules = (
			);
			dependencies = (
				AFF534A82701ECBF00EEE4AE /* PBXTargetDependency */,
			);
			name = iOSAssignmentTests;
			productName = iOSAssignmentTests;
			productReference = AFF534A62701ECBF00EEE4AE /* iOSAssignmentTests.xctest */;
			productType = "com.apple.product-type.bundle.unit-test";
		};
/* End PBXNativeTarget section */

/* Begin PBXProject section */
		AFF534882701ECBC00EEE4AE /* Project object */ = {
			isa = PBXProject;
			attributes = {
				BuildIndependentTargetsInParallel = 1;
				LastSwiftUpdateCheck = 1300;
				LastUpgradeCheck = 1300;
				TargetAttributes = {
					AFF5348F2701ECBC00EEE4AE = {
						CreatedOnToolsVersion = 13.0;
					};
					AFF534A52701ECBF00EEE4AE = {
						CreatedOnToolsVersion = 13.0;
						TestTargetID = AFF5348F2701ECBC00EEE4AE;
					};
				};
			};
			buildConfigurationList = AFF5348B2701ECBC00EEE4AE /* Build configuration list for PBXProject "iOSAssignment" */;
			compatibilityVersion = "Xcode 12.0";
			developmentRegion = en;
			hasScannedForEncodings = 0;
			knownRegions = (
				en,
				Base,
			);
			mainGroup = AFF534872701ECBC00EEE4AE;
			packageReferences = (
				AA5A5DD0276FB23800D150EA /* XCRemoteSwiftPackageReference "AlamofireImage" */,
			);
			productRefGroup = AFF534912701ECBC00EEE4AE /* Products */;
			projectDirPath = "";
			projectRoot = "";
			targets = (
				AFF5348F2701ECBC00EEE4AE /* iOSAssignment */,
				AFF534A52701ECBF00EEE4AE /* iOSAssignmentTests */,
			);
		};
/* End PBXProject section */

/* Begin PBXResourcesBuildPhase section */
		AFF5348E2701ECBC00EEE4AE /* Resources */ = {
			isa = PBXResourcesBuildPhase;
			buildActionMask = 2147483647;
			files = (
				AA5FE710276FBF08003D5F80 /* TheSans-B2ExtraLight.otf in Resources */,
				AA5FE70A276FBF08003D5F80 /* TheSans-B5Plain.otf in Resources */,
				AA5FE70F276FBF08003D5F80 /* TheSans-B9BlackItalic.otf in Resources */,
				AA5FE716276FBF08003D5F80 /* TheSansBlack-Caps.otf in Resources */,
				AA5FE717276FBF08003D5F80 /* TheSans-B8ExtraBoldItalic.otf in Resources */,
				AA5FE718276FBF08003D5F80 /* TheSans-CapsItalic.otf in Resources */,
				AA5FE70E276FBF08003D5F80 /* TheSans-B7BoldItalic.otf in Resources */,
				AFF534D02702007000EEE4AE /* products.json in Resources */,
				AA5FE714276FBF08003D5F80 /* TheSansBlack-Expert.otf in Resources */,
				AA5FE713276FBF08003D5F80 /* TheSansBold-CapsItalic.otf in Resources */,
				AA5FE712276FBF08003D5F80 /* TheSansBold-Caps.otf in Resources */,
				AA5FE709276FBF08003D5F80 /* TheSans-B7Bold.otf in Resources */,
				AA5FE70D276FBF08003D5F80 /* TheSans-ExpertItalic.otf in Resources */,
				AA5FE707276FBF08003D5F80 /* TheSansBlack-Plain.otf in Resources */,
				AA5FE706276FBF08003D5F80 /* TheSans-Italic.otf in Resources */,
				AA5FE711276FBF08003D5F80 /* TheSansBlack-ExpertItalic.otf in Resources */,
				AFF5349D2701ECBF00EEE4AE /* Assets.xcassets in Resources */,
				AA5FE70B276FBF08003D5F80 /* TheSans-Caps.otf in Resources */,
				AA5FE720276FCFDB003D5F80 /* Launch Screen.storyboard in Resources */,
				AA5FE715276FBF08003D5F80 /* TheSans-B9Black.otf in Resources */,
				AA5FE708276FBF08003D5F80 /* TheSansBold-Expert.otf in Resources */,
				AA5FE70C276FBF08003D5F80 /* TheSans-B6SemiBold.otf in Resources */,
				AA5FE719276FBF08003D5F80 /* TheSans-B6SemiBoldItalic.otf in Resources */,
				AA5FE71A276FBF08003D5F80 /* TheSans-Plain.otf in Resources */,
			);
			runOnlyForDeploymentPostprocessing = 0;
		};
		AFF534A42701ECBF00EEE4AE /* Resources */ = {
			isa = PBXResourcesBuildPhase;
			buildActionMask = 2147483647;
			files = (
			);
			runOnlyForDeploymentPostprocessing = 0;
		};
/* End PBXResourcesBuildPhase section */

/* Begin PBXSourcesBuildPhase section */
		AFF5348C2701ECBC00EEE4AE /* Sources */ = {
			isa = PBXSourcesBuildPhase;
			buildActionMask = 2147483647;
			files = (
				AFF534DB27020CB800EEE4AE /* ProductsRepository.swift in Sources */,
				AA5A5DDA276FB50100D150EA /* ProductView.swift in Sources */,
				AADF2BB0276E0A0F00E6AF47 /* ProductListViewController.swift in Sources */,
				AA4301DC276F24CA00D1DC28 /* CartDataStore.swift in Sources */,
				AA4301EE276F5F6200D1DC28 /* ProductCellDecorator.swift in Sources */,
				AFF534D3270202AA00EEE4AE /* Data+Json.swift in Sources */,
				AA5A5DD8276FB4D500D150EA /* AddCartButton.swift in Sources */,
				AA5A5DD6276FB4C300D150EA /* PriceView.swift in Sources */,
				AA5FE71C276FC01D003D5F80 /* UIFont.swift in Sources */,
				AA4301D5276E44BF00D1DC28 /* CartWorker.swift in Sources */,
				AADF2BAE276E0A0F00E6AF47 /* ProductListRouter.swift in Sources */,
				AFF534942701ECBC00EEE4AE /* AppDelegate.swift in Sources */,
				AADF2B9C276E07FF00E6AF47 /* WelcomeViewController.swift in Sources */,
				AFF534C62701EE7300EEE4AE /* ProductRaw.swift in Sources */,
				AA4301E0276F294300D1DC28 /* CartProduct.swift in Sources */,
				AA4301EA276F5ED400D1DC28 /* UITableViewCell.swift in Sources */,
				AFF534962701ECBC00EEE4AE /* SceneDelegate.swift in Sources */,
				AA4301CE276E28D800D1DC28 /* UIColor.swift in Sources */,
				AADF2BAF276E0A0F00E6AF47 /* ProductListPresenter.swift in Sources */,
				AADF2B9A276E07FF00E6AF47 /* WelcomeRouter.swift in Sources */,
				AADF2BB1276E0A0F00E6AF47 /* ProductListInteractor.swift in Sources */,
				AFF534CA2701F98300EEE4AE /* ProductImagesInfoRaw.swift in Sources */,
				AA4301E6276F506300D1DC28 /* ProductListView.swift in Sources */,
				AADF2BBF276E0DBD00E6AF47 /* WelcomeView.swift in Sources */,
				AADF2BB2276E0A0F00E6AF47 /* ProductListWorker.swift in Sources */,
				AFF534C82701F93100EEE4AE /* ProductPriceDataRaw.swift in Sources */,
				AFF534D72702088800EEE4AE /* ImageDetailRaw.swift in Sources */,
				AA4301E8276F511400D1DC28 /* ProductCell.swift in Sources */,
				AA4301CC276E221E00D1DC28 /* UIView.swift in Sources */,
				AADF2BB3276E0A0F00E6AF47 /* ProductListModels.swift in Sources */,
			);
			runOnlyForDeploymentPostprocessing = 0;
		};
		AFF534A22701ECBF00EEE4AE /* Sources */ = {
			isa = PBXSourcesBuildPhase;
			buildActionMask = 2147483647;
			files = (
				AA4301D2276E3F4C00D1DC28 /* ProductListRouterTests.swift in Sources */,
				AADF2BBA276E0C1A00E6AF47 /* ProductListWorkerTests.swift in Sources */,
				AA4301F1276F609A00D1DC28 /* ProductCellDecoratorTests.swift in Sources */,
				AA4301D0276E2BF700D1DC28 /* WelcomeRouterTests.swift in Sources */,
				AADF2BBB276E0C1A00E6AF47 /* ProductListInteractorTests.swift in Sources */,
				AADF2BBC276E0C1A00E6AF47 /* ProductListPresenterTests.swift in Sources */,
				AADF2BA4276E09DD00E6AF47 /* WelcomeViewControllerTests.swift in Sources */,
				AA4301D9276E44E000D1DC28 /* CartWorkerTests.swift in Sources */,
				AA4301E3276F344D00D1DC28 /* Product.swift in Sources */,
				AADF2BB9276E0C1A00E6AF47 /* ProductListViewControllerTests.swift in Sources */,
				AFF534AB2701ECBF00EEE4AE /* iOSAssignmentTests.swift in Sources */,
			);
			runOnlyForDeploymentPostprocessing = 0;
		};
/* End PBXSourcesBuildPhase section */

/* Begin PBXTargetDependency section */
		AFF534A82701ECBF00EEE4AE /* PBXTargetDependency */ = {
			isa = PBXTargetDependency;
			target = AFF5348F2701ECBC00EEE4AE /* iOSAssignment */;
			targetProxy = AFF534A72701ECBF00EEE4AE /* PBXContainerItemProxy */;
		};
/* End PBXTargetDependency section */

/* Begin XCBuildConfiguration section */
		AFF534B82701ECBF00EEE4AE /* Debug */ = {
			isa = XCBuildConfiguration;
			buildSettings = {
				ALWAYS_SEARCH_USER_PATHS = NO;
				CLANG_ANALYZER_NONNULL = YES;
				CLANG_ANALYZER_NUMBER_OBJECT_CONVERSION = YES_AGGRESSIVE;
				CLANG_CXX_LANGUAGE_STANDARD = "gnu++17";
				CLANG_CXX_LIBRARY = "libc++";
				CLANG_ENABLE_MODULES = YES;
				CLANG_ENABLE_OBJC_ARC = YES;
				CLANG_ENABLE_OBJC_WEAK = YES;
				CLANG_WARN_BLOCK_CAPTURE_AUTORELEASING = YES;
				CLANG_WARN_BOOL_CONVERSION = YES;
				CLANG_WARN_COMMA = YES;
				CLANG_WARN_CONSTANT_CONVERSION = YES;
				CLANG_WARN_DEPRECATED_OBJC_IMPLEMENTATIONS = YES;
				CLANG_WARN_DIRECT_OBJC_ISA_USAGE = YES_ERROR;
				CLANG_WARN_DOCUMENTATION_COMMENTS = YES;
				CLANG_WARN_EMPTY_BODY = YES;
				CLANG_WARN_ENUM_CONVERSION = YES;
				CLANG_WARN_INFINITE_RECURSION = YES;
				CLANG_WARN_INT_CONVERSION = YES;
				CLANG_WARN_NON_LITERAL_NULL_CONVERSION = YES;
				CLANG_WARN_OBJC_IMPLICIT_RETAIN_SELF = YES;
				CLANG_WARN_OBJC_LITERAL_CONVERSION = YES;
				CLANG_WARN_OBJC_ROOT_CLASS = YES_ERROR;
				CLANG_WARN_QUOTED_INCLUDE_IN_FRAMEWORK_HEADER = YES;
				CLANG_WARN_RANGE_LOOP_ANALYSIS = YES;
				CLANG_WARN_STRICT_PROTOTYPES = YES;
				CLANG_WARN_SUSPICIOUS_MOVE = YES;
				CLANG_WARN_UNGUARDED_AVAILABILITY = YES_AGGRESSIVE;
				CLANG_WARN_UNREACHABLE_CODE = YES;
				CLANG_WARN__DUPLICATE_METHOD_MATCH = YES;
				COPY_PHASE_STRIP = NO;
				DEBUG_INFORMATION_FORMAT = dwarf;
				ENABLE_STRICT_OBJC_MSGSEND = YES;
				ENABLE_TESTABILITY = YES;
				GCC_C_LANGUAGE_STANDARD = gnu11;
				GCC_DYNAMIC_NO_PIC = NO;
				GCC_NO_COMMON_BLOCKS = YES;
				GCC_OPTIMIZATION_LEVEL = 0;
				GCC_PREPROCESSOR_DEFINITIONS = (
					"DEBUG=1",
					"$(inherited)",
				);
				GCC_WARN_64_TO_32_BIT_CONVERSION = YES;
				GCC_WARN_ABOUT_RETURN_TYPE = YES_ERROR;
				GCC_WARN_UNDECLARED_SELECTOR = YES;
				GCC_WARN_UNINITIALIZED_AUTOS = YES_AGGRESSIVE;
				GCC_WARN_UNUSED_FUNCTION = YES;
				GCC_WARN_UNUSED_VARIABLE = YES;
				IPHONEOS_DEPLOYMENT_TARGET = 13.0;
				MTL_ENABLE_DEBUG_INFO = INCLUDE_SOURCE;
				MTL_FAST_MATH = YES;
				ONLY_ACTIVE_ARCH = YES;
				SDKROOT = iphoneos;
				SWIFT_ACTIVE_COMPILATION_CONDITIONS = DEBUG;
				SWIFT_OPTIMIZATION_LEVEL = "-Onone";
			};
			name = Debug;
		};
		AFF534B92701ECBF00EEE4AE /* Release */ = {
			isa = XCBuildConfiguration;
			buildSettings = {
				ALWAYS_SEARCH_USER_PATHS = NO;
				CLANG_ANALYZER_NONNULL = YES;
				CLANG_ANALYZER_NUMBER_OBJECT_CONVERSION = YES_AGGRESSIVE;
				CLANG_CXX_LANGUAGE_STANDARD = "gnu++17";
				CLANG_CXX_LIBRARY = "libc++";
				CLANG_ENABLE_MODULES = YES;
				CLANG_ENABLE_OBJC_ARC = YES;
				CLANG_ENABLE_OBJC_WEAK = YES;
				CLANG_WARN_BLOCK_CAPTURE_AUTORELEASING = YES;
				CLANG_WARN_BOOL_CONVERSION = YES;
				CLANG_WARN_COMMA = YES;
				CLANG_WARN_CONSTANT_CONVERSION = YES;
				CLANG_WARN_DEPRECATED_OBJC_IMPLEMENTATIONS = YES;
				CLANG_WARN_DIRECT_OBJC_ISA_USAGE = YES_ERROR;
				CLANG_WARN_DOCUMENTATION_COMMENTS = YES;
				CLANG_WARN_EMPTY_BODY = YES;
				CLANG_WARN_ENUM_CONVERSION = YES;
				CLANG_WARN_INFINITE_RECURSION = YES;
				CLANG_WARN_INT_CONVERSION = YES;
				CLANG_WARN_NON_LITERAL_NULL_CONVERSION = YES;
				CLANG_WARN_OBJC_IMPLICIT_RETAIN_SELF = YES;
				CLANG_WARN_OBJC_LITERAL_CONVERSION = YES;
				CLANG_WARN_OBJC_ROOT_CLASS = YES_ERROR;
				CLANG_WARN_QUOTED_INCLUDE_IN_FRAMEWORK_HEADER = YES;
				CLANG_WARN_RANGE_LOOP_ANALYSIS = YES;
				CLANG_WARN_STRICT_PROTOTYPES = YES;
				CLANG_WARN_SUSPICIOUS_MOVE = YES;
				CLANG_WARN_UNGUARDED_AVAILABILITY = YES_AGGRESSIVE;
				CLANG_WARN_UNREACHABLE_CODE = YES;
				CLANG_WARN__DUPLICATE_METHOD_MATCH = YES;
				COPY_PHASE_STRIP = NO;
				DEBUG_INFORMATION_FORMAT = "dwarf-with-dsym";
				ENABLE_NS_ASSERTIONS = NO;
				ENABLE_STRICT_OBJC_MSGSEND = YES;
				GCC_C_LANGUAGE_STANDARD = gnu11;
				GCC_NO_COMMON_BLOCKS = YES;
				GCC_WARN_64_TO_32_BIT_CONVERSION = YES;
				GCC_WARN_ABOUT_RETURN_TYPE = YES_ERROR;
				GCC_WARN_UNDECLARED_SELECTOR = YES;
				GCC_WARN_UNINITIALIZED_AUTOS = YES_AGGRESSIVE;
				GCC_WARN_UNUSED_FUNCTION = YES;
				GCC_WARN_UNUSED_VARIABLE = YES;
				IPHONEOS_DEPLOYMENT_TARGET = 13.0;
				MTL_ENABLE_DEBUG_INFO = NO;
				MTL_FAST_MATH = YES;
				SDKROOT = iphoneos;
				SWIFT_COMPILATION_MODE = wholemodule;
				SWIFT_OPTIMIZATION_LEVEL = "-O";
				VALIDATE_PRODUCT = YES;
			};
			name = Release;
		};
		AFF534BB2701ECBF00EEE4AE /* Debug */ = {
			isa = XCBuildConfiguration;
			buildSettings = {
				ASSETCATALOG_COMPILER_APPICON_NAME = AppIcon;
				ASSETCATALOG_COMPILER_GLOBAL_ACCENT_COLOR_NAME = AccentColor;
				CODE_SIGN_STYLE = Automatic;
				CURRENT_PROJECT_VERSION = 1;
				GENERATE_INFOPLIST_FILE = YES;
				INFOPLIST_FILE = iOSAssignment/Info.plist;
				INFOPLIST_KEY_UIApplicationSupportsIndirectInputEvents = YES;
				INFOPLIST_KEY_UILaunchStoryboardName = LaunchScreen;
				INFOPLIST_KEY_UIMainStoryboardFile = Main;
				INFOPLIST_KEY_UISupportedInterfaceOrientations_iPad = "UIInterfaceOrientationPortrait UIInterfaceOrientationPortraitUpsideDown UIInterfaceOrientationLandscapeLeft UIInterfaceOrientationLandscapeRight";
				INFOPLIST_KEY_UISupportedInterfaceOrientations_iPhone = "UIInterfaceOrientationPortrait UIInterfaceOrientationLandscapeLeft UIInterfaceOrientationLandscapeRight";
				LD_RUNPATH_SEARCH_PATHS = (
					"$(inherited)",
					"@executable_path/Frameworks",
				);
				MARKETING_VERSION = 1.0;
				PRODUCT_BUNDLE_IDENTIFIER = test.iOSAssignment;
				PRODUCT_NAME = "$(TARGET_NAME)";
				SWIFT_EMIT_LOC_STRINGS = YES;
				SWIFT_VERSION = 5.0;
				TARGETED_DEVICE_FAMILY = "1,2";
			};
			name = Debug;
		};
		AFF534BC2701ECBF00EEE4AE /* Release */ = {
			isa = XCBuildConfiguration;
			buildSettings = {
				ASSETCATALOG_COMPILER_APPICON_NAME = AppIcon;
				ASSETCATALOG_COMPILER_GLOBAL_ACCENT_COLOR_NAME = AccentColor;
				CODE_SIGN_STYLE = Automatic;
				CURRENT_PROJECT_VERSION = 1;
				GENERATE_INFOPLIST_FILE = YES;
				INFOPLIST_FILE = iOSAssignment/Info.plist;
				INFOPLIST_KEY_UIApplicationSupportsIndirectInputEvents = YES;
				INFOPLIST_KEY_UILaunchStoryboardName = LaunchScreen;
				INFOPLIST_KEY_UIMainStoryboardFile = Main;
				INFOPLIST_KEY_UISupportedInterfaceOrientations_iPad = "UIInterfaceOrientationPortrait UIInterfaceOrientationPortraitUpsideDown UIInterfaceOrientationLandscapeLeft UIInterfaceOrientationLandscapeRight";
				INFOPLIST_KEY_UISupportedInterfaceOrientations_iPhone = "UIInterfaceOrientationPortrait UIInterfaceOrientationLandscapeLeft UIInterfaceOrientationLandscapeRight";
				LD_RUNPATH_SEARCH_PATHS = (
					"$(inherited)",
					"@executable_path/Frameworks",
				);
				MARKETING_VERSION = 1.0;
				PRODUCT_BUNDLE_IDENTIFIER = test.iOSAssignment;
				PRODUCT_NAME = "$(TARGET_NAME)";
				SWIFT_EMIT_LOC_STRINGS = YES;
				SWIFT_VERSION = 5.0;
				TARGETED_DEVICE_FAMILY = "1,2";
			};
			name = Release;
		};
		AFF534BE2701ECBF00EEE4AE /* Debug */ = {
			isa = XCBuildConfiguration;
			buildSettings = {
				ALWAYS_EMBED_SWIFT_STANDARD_LIBRARIES = YES;
				BUNDLE_LOADER = "$(TEST_HOST)";
				CODE_SIGN_STYLE = Automatic;
				CURRENT_PROJECT_VERSION = 1;
				GENERATE_INFOPLIST_FILE = YES;
				IPHONEOS_DEPLOYMENT_TARGET = 14.5;
				LD_RUNPATH_SEARCH_PATHS = (
					"$(inherited)",
					"@executable_path/Frameworks",
					"@loader_path/Frameworks",
				);
				MARKETING_VERSION = 1.0;
				PRODUCT_BUNDLE_IDENTIFIER = test.iOSAssignmentTests;
				PRODUCT_NAME = "$(TARGET_NAME)";
				SWIFT_EMIT_LOC_STRINGS = NO;
				SWIFT_VERSION = 5.0;
				TARGETED_DEVICE_FAMILY = "1,2";
				TEST_HOST = "$(BUILT_PRODUCTS_DIR)/iOSAssignment.app/iOSAssignment";
			};
			name = Debug;
		};
		AFF534BF2701ECBF00EEE4AE /* Release */ = {
			isa = XCBuildConfiguration;
			buildSettings = {
				ALWAYS_EMBED_SWIFT_STANDARD_LIBRARIES = YES;
				BUNDLE_LOADER = "$(TEST_HOST)";
				CODE_SIGN_STYLE = Automatic;
				CURRENT_PROJECT_VERSION = 1;
				GENERATE_INFOPLIST_FILE = YES;
				IPHONEOS_DEPLOYMENT_TARGET = 14.5;
				LD_RUNPATH_SEARCH_PATHS = (
					"$(inherited)",
					"@executable_path/Frameworks",
					"@loader_path/Frameworks",
				);
				MARKETING_VERSION = 1.0;
				PRODUCT_BUNDLE_IDENTIFIER = test.iOSAssignmentTests;
				PRODUCT_NAME = "$(TARGET_NAME)";
				SWIFT_EMIT_LOC_STRINGS = NO;
				SWIFT_VERSION = 5.0;
				TARGETED_DEVICE_FAMILY = "1,2";
				TEST_HOST = "$(BUILT_PRODUCTS_DIR)/iOSAssignment.app/iOSAssignment";
			};
			name = Release;
		};
/* End XCBuildConfiguration section */

/* Begin XCConfigurationList section */
		AFF5348B2701ECBC00EEE4AE /* Build configuration list for PBXProject "iOSAssignment" */ = {
			isa = XCConfigurationList;
			buildConfigurations = (
				AFF534B82701ECBF00EEE4AE /* Debug */,
				AFF534B92701ECBF00EEE4AE /* Release */,
			);
			defaultConfigurationIsVisible = 0;
			defaultConfigurationName = Release;
		};
		AFF534BA2701ECBF00EEE4AE /* Build configuration list for PBXNativeTarget "iOSAssignment" */ = {
			isa = XCConfigurationList;
			buildConfigurations = (
				AFF534BB2701ECBF00EEE4AE /* Debug */,
				AFF534BC2701ECBF00EEE4AE /* Release */,
			);
			defaultConfigurationIsVisible = 0;
			defaultConfigurationName = Release;
		};
		AFF534BD2701ECBF00EEE4AE /* Build configuration list for PBXNativeTarget "iOSAssignmentTests" */ = {
			isa = XCConfigurationList;
			buildConfigurations = (
				AFF534BE2701ECBF00EEE4AE /* Debug */,
				AFF534BF2701ECBF00EEE4AE /* Release */,
			);
			defaultConfigurationIsVisible = 0;
			defaultConfigurationName = Release;
		};
/* End XCConfigurationList section */

/* Begin XCRemoteSwiftPackageReference section */
		AA5A5DD0276FB23800D150EA /* XCRemoteSwiftPackageReference "AlamofireImage" */ = {
			isa = XCRemoteSwiftPackageReference;
			repositoryURL = "https://github.com/Alamofire/AlamofireImage";
			requirement = {
				kind = upToNextMajorVersion;
				minimumVersion = 4.2.0;
			};
		};
/* End XCRemoteSwiftPackageReference section */

/* Begin XCSwiftPackageProductDependency section */
		AA5A5DD1276FB23800D150EA /* AlamofireImage */ = {
			isa = XCSwiftPackageProductDependency;
			package = AA5A5DD0276FB23800D150EA /* XCRemoteSwiftPackageReference "AlamofireImage" */;
			productName = AlamofireImage;
		};
/* End XCSwiftPackageProductDependency section */
	};
	rootObject = AFF534882701ECBC00EEE4AE /* Project object */;
}
